
Microsoft Visual Studio Solution File, Format Version 11.00
# Visual Studio 2010
Project("{2150E333-8FDC-42A3-9474-1A3956D46DE8}") = "Solution Items", "Solution Items", "{8565540D-B642-4992-93DD-E4D26B2667C4}"
	ProjectSection(SolutionItems) = preProject
		DGAC.dll = DGAC.dll
	EndProjectSection
EndProject
Project("{FAE04EC0-301F-11D3-BF4B-00C04F79EFBC}") = "HPC-Shelf-Gust", "HPC-Shelf-Gust\HPC-Shelf-Gust.csproj", "{7AE08D52-2EA4-48E4-B7B9-379C3789B2B5}"
EndProject
Project("{FAE04EC0-301F-11D3-BF4B-00C04F79EFBC}") = "br.ufc.mdcc.hpcshelf.gust.computation.Gusty", "..\br.ufc.mdcc.hpcshelf.gust.computation.Gusty\br.ufc.mdcc.hpcshelf.gust.computation.Gusty\br.ufc.mdcc.hpcshelf.gust.computation.Gusty.csproj", "{CD94FE2F-14E1-4B06-B2F1-F99E7A24F47C}"
EndProject
Project("{FAE04EC0-301F-11D3-BF4B-00C04F79EFBC}") = "br.ufc.mdcc.hpcshelf.gust.connector.Join", "..\br.ufc.mdcc.hpcshelf.gust.connector.Join\br.ufc.mdcc.hpcshelf.gust.connector.Join\br.ufc.mdcc.hpcshelf.gust.connector.Join.csproj", "{90623C03-B24B-4448-A81E-901BB4017F36}"
EndProject
Project("{FAE04EC0-301F-11D3-BF4B-00C04F79EFBC}") = "br.ufc.mdcc.hpcshelf.gust.datasource.DataSource", "..\br.ufc.mdcc.hpcshelf.gust.datasource.DataSource\br.ufc.mdcc.hpcshelf.gust.datasource.DataSource\br.ufc.mdcc.hpcshelf.gust.datasource.DataSource.csproj", "{BEE63437-0DC5-4A9F-A8A6-16E755AE9B3B}"
EndProject
Project("{FAE04EC0-301F-11D3-BF4B-00C04F79EFBC}") = "br.ufc.mdcc.hpcshelf.gust.custom.PartitionFunction", "..\br.ufc.mdcc.hpcshelf.gust.custom.PartitionFunction\br.ufc.mdcc.hpcshelf.gust.custom.PartitionFunction\br.ufc.mdcc.hpcshelf.gust.custom.PartitionFunction.csproj", "{ADB1B6BE-28D3-4B10-BBFC-9224181F52C7}"
EndProject
Project("{FAE04EC0-301F-11D3-BF4B-00C04F79EFBC}") = "br.ufc.mdcc.hpcshelf.gust.custom.GustyFunction", "..\br.ufc.mdcc.hpcshelf.gust.custom.GustyFunction\br.ufc.mdcc.hpcshelf.gust.custom.GustyFunction\br.ufc.mdcc.hpcshelf.gust.custom.GustyFunction.csproj", "{F8166152-ED2A-473F-A191-3FC88F611512}"
EndProject
Project("{FAE04EC0-301F-11D3-BF4B-00C04F79EFBC}") = "br.ufc.mdcc.hpc.storm.kind.Binding", "..\br.ufc.mdcc.hpc.storm.kind.Binding\br.ufc.mdcc.hpc.storm.kind.Binding\br.ufc.mdcc.hpc.storm.kind.Binding.csproj", "{75954E48-9C52-4F6D-8947-13E9D574FBEA}"
EndProject
Project("{FAE04EC0-301F-11D3-BF4B-00C04F79EFBC}") = "br.ufc.mdcc.hpc.storm.binding.environment.EnvironmentBindingBase", "..\br.ufc.mdcc.hpc.storm.binding.environment.EnvironmentBindingBase\br.ufc.mdcc.hpc.storm.binding.environment.EnvironmentBindingBase\br.ufc.mdcc.hpc.storm.binding.environment.EnvironmentBindingBase.csproj", "{226E5496-FDF2-4765-9C43-D2A2770EE760}"
EndProject
Project("{FAE04EC0-301F-11D3-BF4B-00C04F79EFBC}") = "br.ufc.mdcc.hpc.storm.binding.channel.Binding", "..\br.ufc.mdcc.hpc.storm.binding.channel.Binding\br.ufc.mdcc.hpc.storm.binding.channel.Binding\br.ufc.mdcc.hpc.storm.binding.channel.Binding.csproj", "{40488558-F21F-4863-A466-15F96A6CD131}"
EndProject
Project("{FAE04EC0-301F-11D3-BF4B-00C04F79EFBC}") = "br.ufc.mdcc.hpc.storm.binding.channel.impl.BindingImpl", "..\br.ufc.mdcc.hpc.storm.binding.channel.impl.BindingImpl\br.ufc.mdcc.hpc.storm.binding.channel.impl.BindingImpl\br.ufc.mdcc.hpc.storm.binding.channel.impl.BindingImpl.csproj", "{7C4CD88A-478E-4463-8D06-9B23282D8003}"
EndProject
Project("{FAE04EC0-301F-11D3-BF4B-00C04F79EFBC}") = "br.ufc.mdcc.hpc.storm.binding.environment.EnvironmentPortType", "..\br.ufc.mdcc.hpc.storm.binding.environment.EnvironmentPortType\br.ufc.mdcc.hpc.storm.binding.environment.EnvironmentPortType\br.ufc.mdcc.hpc.storm.binding.environment.EnvironmentPortType.csproj", "{4BB52CBE-64B0-4E9C-812F-921ED3FB87AF}"
EndProject
Project("{FAE04EC0-301F-11D3-BF4B-00C04F79EFBC}") = "br.ufc.mdcc.hpc.storm.binding.environment.EnvironmentPortTypeMultiplePartner", "..\br.ufc.mdcc.hpc.storm.binding.environment.EnvironmentPortTypeMultiplePartner\br.ufc.mdcc.hpc.storm.binding.environment.EnvironmentPortTypeMultiplePartner\br.ufc.mdcc.hpc.storm.binding.environment.EnvironmentPortTypeMultiplePartner.csproj", "{B1988D74-54AE-4031-B185-E046226BC359}"
EndProject
Project("{FAE04EC0-301F-11D3-BF4B-00C04F79EFBC}") = "br.ufc.mdcc.hpc.storm.binding.environment.EnvironmentPortTypeSinglePartner", "..\br.ufc.mdcc.hpc.storm.binding.environment.EnvironmentPortTypeSinglePartner\br.ufc.mdcc.hpc.storm.binding.environment.EnvironmentPortTypeSinglePartner\br.ufc.mdcc.hpc.storm.binding.environment.EnvironmentPortTypeSinglePartner.csproj", "{CFC8E9C1-30F7-4A4A-9B1E-9AFA4B474D9A}"
EndProject
Project("{FAE04EC0-301F-11D3-BF4B-00C04F79EFBC}") = "br.ufc.mdcc.hpc.storm.binding.environment.EnvironmentBindingMbyN", "..\br.ufc.mdcc.hpc.storm.binding.environment.EnvironmentBindingMbyN\br.ufc.mdcc.hpc.storm.binding.environment.EnvironmentBindingMbyN\br.ufc.mdcc.hpc.storm.binding.environment.EnvironmentBindingMbyN.csproj", "{E3CA865E-AFBF-40C4-B7CE-0CEF37F4B21F}"
EndProject
Project("{FAE04EC0-301F-11D3-BF4B-00C04F79EFBC}") = "br.ufc.mdcc.hpc.storm.binding.environment.EnvironmentBindingMbyNIntra", "..\br.ufc.mdcc.hpc.storm.binding.environment.EnvironmentBindingMbyNIntra\br.ufc.mdcc.hpc.storm.binding.environment.EnvironmentBindingMbyNIntra\br.ufc.mdcc.hpc.storm.binding.environment.EnvironmentBindingMbyNIntra.csproj", "{2740F5B5-682D-40F2-B578-FFF3EC0645FC}"
EndProject
Project("{FAE04EC0-301F-11D3-BF4B-00C04F79EFBC}") = "br.ufc.mdcc.hpc.storm.binding.environment.EnvironmentBindingMbyNInter", "..\br.ufc.mdcc.hpc.storm.binding.environment.EnvironmentBindingMbyNInter\br.ufc.mdcc.hpc.storm.binding.environment.EnvironmentBindingMbyNInter\br.ufc.mdcc.hpc.storm.binding.environment.EnvironmentBindingMbyNInter.csproj", "{2C633D76-F5C2-4801-9564-BB4F68E020BE}"
EndProject
Project("{FAE04EC0-301F-11D3-BF4B-00C04F79EFBC}") = "br.ufc.mdcc.common.Data", "..\br.ufc.mdcc.common.Data\br.ufc.mdcc.common.Data\br.ufc.mdcc.common.Data.csproj", "{7CEA4BF7-37CD-4F93-B603-CF5FB9239B1F}"
EndProject
Project("{FAE04EC0-301F-11D3-BF4B-00C04F79EFBC}") = "br.ufc.mdcc.common.KVPair", "..\br.ufc.mdcc.common.KVPair\br.ufc.mdcc.common.KVPair\br.ufc.mdcc.common.KVPair.csproj", "{9B499C49-DA84-475A-B783-2A3D2DEAAA97}"
EndProject
Project("{FAE04EC0-301F-11D3-BF4B-00C04F79EFBC}") = "br.ufc.mdcc.hpcshelf.gust.datasource.DataSink", "..\br.ufc.mdcc.hpcshelf.gust.datasource.DataSink\br.ufc.mdcc.hpcshelf.gust.datasource.DataSink\br.ufc.mdcc.hpcshelf.gust.datasource.DataSink.csproj", "{E27FAA80-9E4B-4CBE-970F-23E98879A3A0}"
EndProject
Project("{FAE04EC0-301F-11D3-BF4B-00C04F79EFBC}") = "br.ufc.mdcc.common.Platform", "..\br.ufc.mdcc.common.Platform\br.ufc.mdcc.common.Platform\br.ufc.mdcc.common.Platform.csproj", "{64735B4D-4D79-4F10-A191-6A3A9F9D54EB}"
EndProject
Project("{FAE04EC0-301F-11D3-BF4B-00C04F79EFBC}") = "br.ufc.mdcc.common.Integer", "..\br.ufc.mdcc.common.Integer\br.ufc.mdcc.common.Integer\br.ufc.mdcc.common.Integer.csproj", "{97B35E58-AC6B-44A6-A536-90FA39076265}"
EndProject
Project("{FAE04EC0-301F-11D3-BF4B-00C04F79EFBC}") = "br.ufc.mdcc.hpc.storm.binding.task.TaskBindingBase", "..\br.ufc.mdcc.hpc.storm.binding.task.TaskBindingBase\br.ufc.mdcc.hpc.storm.binding.task.TaskBindingBase\br.ufc.mdcc.hpc.storm.binding.task.TaskBindingBase.csproj", "{816B876F-E438-4F9E-85D8-B98BCCE57044}"
EndProject
Project("{FAE04EC0-301F-11D3-BF4B-00C04F79EFBC}") = "br.ufc.mdcc.hpc.storm.binding.task.TaskPortType", "..\br.ufc.mdcc.hpc.storm.binding.task.TaskPortType\br.ufc.mdcc.hpc.storm.binding.task.TaskPortType\br.ufc.mdcc.hpc.storm.binding.task.TaskPortType.csproj", "{B785892B-10B1-43BA-897F-E6F02CC932D0}"
EndProject
Project("{FAE04EC0-301F-11D3-BF4B-00C04F79EFBC}") = "br.ufc.mdcc.hpc.storm.binding.task.impl.TaskBindingBaseImpl", "..\br.ufc.mdcc.hpc.storm.binding.task.impl.TaskBindingBaseImpl\br.ufc.mdcc.hpc.storm.binding.task.impl.TaskBindingBaseImpl\br.ufc.mdcc.hpc.storm.binding.task.impl.TaskBindingBaseImpl.csproj", "{72DA50AF-C0DF-4319-8A45-E99E1D85CDB9}"
EndProject
Project("{FAE04EC0-301F-11D3-BF4B-00C04F79EFBC}") = "br.ufc.mdcc.hpcshelf.gust.impl.connector.JoinImpl", "..\br.ufc.mdcc.hpcshelf.gust.impl.connector.JoinImpl\br.ufc.mdcc.hpcshelf.gust.impl.connector.JoinImpl\br.ufc.mdcc.hpcshelf.gust.impl.connector.JoinImpl.csproj", "{0F2DBF84-0C6A-4721-AAB1-DAD7EA675171}"
EndProject
Project("{FAE04EC0-301F-11D3-BF4B-00C04F79EFBC}") = "br.ufc.mdcc.hpcshelf.gust.impl.computation.GustyImpl", "..\br.ufc.mdcc.hpcshelf.gust.impl.computation.GustyImpl\br.ufc.mdcc.hpcshelf.gust.impl.computation.GustyImpl\br.ufc.mdcc.hpcshelf.gust.impl.computation.GustyImpl.csproj", "{C596246A-A457-4518-B3A4-9A5A26019C2C}"
EndProject
Project("{FAE04EC0-301F-11D3-BF4B-00C04F79EFBC}") = "br.ufc.mdcc.hpcshelf.gust.impl.datasource.DataSourceImpl", "..\br.ufc.mdcc.hpcshelf.gust.impl.datasource.DataSourceImpl\br.ufc.mdcc.hpcshelf.gust.impl.datasource.DataSourceImpl\br.ufc.mdcc.hpcshelf.gust.impl.datasource.DataSourceImpl.csproj", "{0B8363BE-935C-4EBF-B4ED-C45141D60353}"
EndProject
Project("{FAE04EC0-301F-11D3-BF4B-00C04F79EFBC}") = "br.ufc.mdcc.hpcshelf.gust.impl.datasource.DataSinkImpl", "..\br.ufc.mdcc.hpcshelf.gust.impl.datasource.DataSinkImpl\br.ufc.mdcc.hpcshelf.gust.impl.datasource.DataSinkImpl\br.ufc.mdcc.hpcshelf.gust.impl.datasource.DataSinkImpl.csproj", "{79FBBB8B-B07B-45E4-AD23-5556010C8B6F}"
EndProject
Project("{FAE04EC0-301F-11D3-BF4B-00C04F79EFBC}") = "br.ufc.mdcc.hpcshelf.gust.connector.Step", "..\br.ufc.mdcc.hpcshelf.gust.connector.Step\br.ufc.mdcc.hpcshelf.gust.connector.Step\br.ufc.mdcc.hpcshelf.gust.connector.Step.csproj", "{2ED50770-7691-4DF8-8FC9-D1CD007B8792}"
EndProject
Project("{FAE04EC0-301F-11D3-BF4B-00C04F79EFBC}") = "br.ufc.mdcc.hpcshelf.gust.port.task.TaskPortTypeAdvance", "..\br.ufc.mdcc.hpcshelf.gust.port.task.TaskPortTypeAdvance\br.ufc.mdcc.hpcshelf.gust.port.task.TaskPortTypeAdvance\br.ufc.mdcc.hpcshelf.gust.port.task.TaskPortTypeAdvance.csproj", "{62252C8E-B7D2-493E-B84B-FD5A9F7FB725}"
EndProject
Project("{FAE04EC0-301F-11D3-BF4B-00C04F79EFBC}") = "br.ufc.mdcc.hpcshelf.gust.impl.connector.StepImpl", "..\br.ufc.mdcc.hpcshelf.gust.impl.connector.StepImpl\br.ufc.mdcc.hpcshelf.gust.impl.connector.StepImpl\br.ufc.mdcc.hpcshelf.gust.impl.connector.StepImpl.csproj", "{047DEF21-C63C-42EC-A19E-BFB67B025855}"
EndProject
Project("{FAE04EC0-301F-11D3-BF4B-00C04F79EFBC}") = "br.ufc.mdcc.hpcshelf.gust.port.environment.PortTypeDataSourceInterface", "..\br.ufc.mdcc.hpcshelf.gust.port.environment.PortTypeDataSourceInterface\br.ufc.mdcc.hpcshelf.gust.port.environment.PortTypeDataSourceInterface\br.ufc.mdcc.hpcshelf.gust.port.environment.PortTypeDataSourceInterface.csproj", "{C8E65EC9-4750-4896-AF88-7C09BA7EFDF2}"
EndProject
Project("{FAE04EC0-301F-11D3-BF4B-00C04F79EFBC}") = "br.ufc.mdcc.hpcshelf.gust.port.environment.PortTypeDataSinkInterface", "..\br.ufc.mdcc.hpcshelf.gust.port.environment.PortTypeDataSinkInterface\br.ufc.mdcc.hpcshelf.gust.port.environment.PortTypeDataSinkInterface\br.ufc.mdcc.hpcshelf.gust.port.environment.PortTypeDataSinkInterface.csproj", "{504A4A55-3292-4433-B83E-290ABB32ACDF}"
EndProject
Project("{FAE04EC0-301F-11D3-BF4B-00C04F79EFBC}") = "br.ufc.mdcc.hpcshelf.gust.impl.binding.environment.EnvironmentBindingReadData", "..\br.ufc.mdcc.hpcshelf.gust.impl.binding.environment.EnvironmentBindingReadData\br.ufc.mdcc.hpcshelf.gust.impl.binding.environment.EnvironmentBindingReadData\br.ufc.mdcc.hpcshelf.gust.impl.binding.environment.EnvironmentBindingReadData.csproj", "{EAD7D264-63A0-4069-A9A4-EE9D6BB76D30}"
EndProject
Project("{FAE04EC0-301F-11D3-BF4B-00C04F79EFBC}") = "br.ufc.mdcc.hpcshelf.gust.impl.binding.environment.EnvironmentBindingWriteData", "..\br.ufc.mdcc.hpcshelf.gust.impl.binding.environment.EnvironmentBindingWriteData\br.ufc.mdcc.hpcshelf.gust.impl.binding.environment.EnvironmentBindingWriteData\br.ufc.mdcc.hpcshelf.gust.impl.binding.environment.EnvironmentBindingWriteData.csproj", "{012D8E07-D3CE-4C77-B2AA-C54BE042E041}"
EndProject
Project("{FAE04EC0-301F-11D3-BF4B-00C04F79EFBC}") = "br.ufc.mdcc.hpcshelf.gust.impl.binding.environment.BindingDirectMxNIterator", "..\br.ufc.mdcc.hpcshelf.gust.impl.binding.environment.BindingDirectMxNIterator\br.ufc.mdcc.hpcshelf.gust.impl.binding.environment.BindingDirectMxNIterator\br.ufc.mdcc.hpcshelf.gust.impl.binding.environment.BindingDirectMxNIterator.csproj", "{99F99D20-6FC8-4E82-845B-6C02560D9F2F}"
EndProject
Project("{FAE04EC0-301F-11D3-BF4B-00C04F79EFBC}") = "br.ufc.mdcc.hpcshelf.gust.port.environment.PortTypeIterator", "..\br.ufc.mdcc.hpcshelf.gust.port.environment.PortTypeIterator\br.ufc.mdcc.hpcshelf.gust.port.environment.PortTypeIterator\br.ufc.mdcc.hpcshelf.gust.port.environment.PortTypeIterator.csproj", "{1784C0D3-7632-4F38-8FFF-FA8008E2A724}"
EndProject
Project("{FAE04EC0-301F-11D3-BF4B-00C04F79EFBC}") = "br.ufc.mdcc.common.Iterator", "..\br.ufc.mdcc.common.Iterator\br.ufc.mdcc.common.Iterator\br.ufc.mdcc.common.Iterator.csproj", "{807A087E-123C-4745-B029-C31FC9458A61}"
EndProject
Project("{FAE04EC0-301F-11D3-BF4B-00C04F79EFBC}") = "br.ufc.mdcc.common.impl.IteratorImpl", "..\br.ufc.mdcc.common.impl.IteratorImpl\br.ufc.mdcc.common.impl.IteratorImpl\br.ufc.mdcc.common.impl.IteratorImpl.csproj", "{BCB96804-B787-4ED7-BB0F-127F3649E5D7}"
EndProject
Project("{FAE04EC0-301F-11D3-BF4B-00C04F79EFBC}") = "br.ufc.mdcc.common.String", "..\br.ufc.mdcc.common.String\br.ufc.mdcc.common.String\br.ufc.mdcc.common.String.csproj", "{1F1C11D1-910D-4B0B-AE3A-80EC9882759C}"
EndProject
Project("{FAE04EC0-301F-11D3-BF4B-00C04F79EFBC}") = "br.ufc.mdcc.common.impl.StringImpl", "..\br.ufc.mdcc.common.impl.StringImpl\br.ufc.mdcc.common.impl.StringImpl\br.ufc.mdcc.common.impl.StringImpl.csproj", "{31772FB4-EA01-45AE-83D3-D6C2D8A570D1}"
EndProject
Project("{FAE04EC0-301F-11D3-BF4B-00C04F79EFBC}") = "br.ufc.mdcc.hpcshelf.gust.impl.custom.PartitionFunctionIntegerKeyDefault", "..\br.ufc.mdcc.hpcshelf.gust.impl.custom.PartitionFunctionIntegerKeyDefault\br.ufc.mdcc.hpcshelf.gust.impl.custom.PartitionFunctionIntegerKeyDefault\br.ufc.mdcc.hpcshelf.gust.impl.custom.PartitionFunctionIntegerKeyDefault.csproj", "{6D208A70-1079-40B1-BB4B-C2A28E36A82E}"
EndProject
Project("{FAE04EC0-301F-11D3-BF4B-00C04F79EFBC}") = "br.ufc.mdcc.hpcshelf.gust.impl.custom.PartitionFunctionStringKeyDefault", "..\br.ufc.mdcc.hpcshelf.gust.impl.custom.PartitionFunctionStringKeyDefault\br.ufc.mdcc.hpcshelf.gust.impl.custom.PartitionFunctionStringKeyDefault\br.ufc.mdcc.hpcshelf.gust.impl.custom.PartitionFunctionStringKeyDefault.csproj", "{3212B769-8161-4364-9003-9492EA17E86A}"
EndProject
Project("{FAE04EC0-301F-11D3-BF4B-00C04F79EFBC}") = "br.ufc.mdcc.hpcshelf.gust.port.task.TaskPortTypeData", "..\br.ufc.mdcc.hpcshelf.gust.port.task.TaskPortTypeData\br.ufc.mdcc.hpcshelf.gust.port.task.TaskPortTypeData\br.ufc.mdcc.hpcshelf.gust.port.task.TaskPortTypeData.csproj", "{859A9FD6-7791-4191-824D-C1890A5EE1ED}"
EndProject
Project("{FAE04EC0-301F-11D3-BF4B-00C04F79EFBC}") = "br.ufc.mdcc.common.impl.IntegerImpl", "..\br.ufc.mdcc.common.impl.IntegerImpl\br.ufc.mdcc.common.impl.IntegerImpl\br.ufc.mdcc.common.impl.IntegerImpl.csproj", "{D5FF2BDE-BA64-4F4C-A2C8-12E8829170A7}"
EndProject
Project("{FAE04EC0-301F-11D3-BF4B-00C04F79EFBC}") = "br.ufc.mdcc.common.impl.KVPairImpl", "..\br.ufc.mdcc.common.impl.KVPairImpl\br.ufc.mdcc.common.impl.KVPairImpl\br.ufc.mdcc.common.impl.KVPairImpl.csproj", "{9A02D2DD-0967-4810-A845-3EDE50DDE195}"
EndProject
Project("{FAE04EC0-301F-11D3-BF4B-00C04F79EFBC}") = "br.ufc.mdcc.common.impl.NullPlatform", "..\br.ufc.mdcc.common.impl.NullPlatform\br.ufc.mdcc.common.impl.NullPlatform\br.ufc.mdcc.common.impl.NullPlatform.csproj", "{B940A4DA-1B89-478E-AC4B-CA0AEDC5DF90}"
EndProject
Project("{FAE04EC0-301F-11D3-BF4B-00C04F79EFBC}") = "br.ufc.mdcc.hpc.storm.binding.environment.EnvironmentBindingBaseDirect", "..\br.ufc.mdcc.hpc.storm.binding.environment.EnvironmentBindingBaseDirect\br.ufc.mdcc.hpc.storm.binding.environment.EnvironmentBindingBaseDirect\br.ufc.mdcc.hpc.storm.binding.environment.EnvironmentBindingBaseDirect.csproj", "{168E10F4-B1B8-4695-8586-CDC5598F79B8}"
EndProject
Project("{FAE04EC0-301F-11D3-BF4B-00C04F79EFBC}") = "br.ufc.mdcc.hpcshelf.gust.binding.environment.EnvironmentBindingReadData", "..\br.ufc.mdcc.hpcshelf.gust.binding.environment.EnvironmentBindingReadData\br.ufc.mdcc.hpcshelf.gust.binding.environment.EnvironmentBindingReadData\br.ufc.mdcc.hpcshelf.gust.binding.environment.EnvironmentBindingReadData.csproj", "{E75203E1-30CC-4745-8FA0-670F039089C7}"
EndProject
Project("{FAE04EC0-301F-11D3-BF4B-00C04F79EFBC}") = "br.ufc.mdcc.hpcshelf.gust.binding.environment.EnvironmentBindingWriteData", "..\br.ufc.mdcc.hpcshelf.gust.binding.environment.EnvironmentBindingWriteData\br.ufc.mdcc.hpcshelf.gust.binding.environment.EnvironmentBindingWriteData\br.ufc.mdcc.hpcshelf.gust.binding.environment.EnvironmentBindingWriteData.csproj", "{195D9F1F-9DDA-470D-AC22-88C4AF1E1EA1}"
EndProject
Project("{FAE04EC0-301F-11D3-BF4B-00C04F79EFBC}") = "br.ufc.mdcc.hpcshelf.gust.custom.TerminateFunction", "..\br.ufc.mdcc.hpcshelf.gust.custom.TerminateFunction\br.ufc.mdcc.hpcshelf.gust.custom.TerminateFunction\br.ufc.mdcc.hpcshelf.gust.custom.TerminateFunction.csproj", "{D20F8E33-1C0C-44FF-83AD-818C99718420}"
EndProject
Project("{FAE04EC0-301F-11D3-BF4B-00C04F79EFBC}") = "br.ufc.mdcc.hpcshelf.gust.impl.custom.DefaultTerminateFunctionImpl", "..\br.ufc.mdcc.hpcshelf.gust.impl.custom.DefaultTerminateFunctionImpl\br.ufc.mdcc.hpcshelf.gust.impl.custom.DefaultTerminateFunctionImpl\br.ufc.mdcc.hpcshelf.gust.impl.custom.DefaultTerminateFunctionImpl.csproj", "{355E927B-8FF3-47DF-A595-EF9FC9DA8536}"
EndProject
Project("{FAE04EC0-301F-11D3-BF4B-00C04F79EFBC}") = "br.ufc.mdcc.hpcshelf.gust.binding.environment.BindingDirectMxNIterator", "..\br.ufc.mdcc.hpcshelf.gust.binding.environment.BindingDirectMxNIterator\br.ufc.mdcc.hpcshelf.gust.binding.environment.BindingDirectMxNIterator\br.ufc.mdcc.hpcshelf.gust.binding.environment.BindingDirectMxNIterator.csproj", "{18A38548-6F1A-42C3-9B92-3B7A52CA1108}"
EndProject
Project("{FAE04EC0-301F-11D3-BF4B-00C04F79EFBC}") = "br.ufc.mdcc.hpcshelf.platform.Maintainer", "..\br.ufc.mdcc.hpcshelf.platform.Maintainer\br.ufc.mdcc.hpcshelf.platform.Maintainer\br.ufc.mdcc.hpcshelf.platform.Maintainer.csproj", "{F7ABD722-31F4-4ACC-B8B6-A14DDAEB022B}"
EndProject
Project("{FAE04EC0-301F-11D3-BF4B-00C04F79EFBC}") = "br.ufc.mdcc.hpcshelf.platform.Platform", "..\br.ufc.mdcc.hpcshelf.platform.Platform\br.ufc.mdcc.hpcshelf.platform.Platform\br.ufc.mdcc.hpcshelf.platform.Platform.csproj", "{37C2BDBB-CD4E-4CE5-B1B9-6B852F335535}"
EndProject
Project("{FAE04EC0-301F-11D3-BF4B-00C04F79EFBC}") = "br.ufc.mdcc.hpcshelf.platform.maintainer.DataHost", "..\br.ufc.mdcc.hpcshelf.platform.maintainer.DataHost\br.ufc.mdcc.hpcshelf.platform.maintainer.DataHost\br.ufc.mdcc.hpcshelf.platform.maintainer.DataHost.csproj", "{B9018D06-D120-45ED-9A37-A713D5B715E5}"
EndProject
Project("{FAE04EC0-301F-11D3-BF4B-00C04F79EFBC}") = "br.ufc.mdcc.hpcshelf.platform.maintainer.ComputeHost", "..\br.ufc.mdcc.hpcshelf.platform.maintainer.ComputeHost\br.ufc.mdcc.hpcshelf.platform.maintainer.ComputeHost\br.ufc.mdcc.hpcshelf.platform.maintainer.ComputeHost.csproj", "{22FB1B6B-A788-4107-967C-7D5070B8885E}"
EndProject
Project("{FAE04EC0-301F-11D3-BF4B-00C04F79EFBC}") = "br.ufc.mdcc.hpcshelf.platform.maintainer.SAFeHost", "..\br.ufc.mdcc.hpcshelf.platform.maintainer.SAFeHost\br.ufc.mdcc.hpcshelf.platform.maintainer.SAFeHost\br.ufc.mdcc.hpcshelf.platform.maintainer.SAFeHost.csproj", "{40D35DEE-28A1-4CE9-81EE-50280672C8DE}"
EndProject
Project("{FAE04EC0-301F-11D3-BF4B-00C04F79EFBC}") = "br.ufc.mdcc.hpcshelf.platform.impl.ComputePlatform", "..\br.ufc.mdcc.hpcshelf.platform.impl.ComputePlatform\br.ufc.mdcc.hpcshelf.platform.impl.ComputePlatform\br.ufc.mdcc.hpcshelf.platform.impl.ComputePlatform.csproj", "{A9FDA6E8-636D-4FB7-9F2E-D0849A44E6D8}"
EndProject
Project("{FAE04EC0-301F-11D3-BF4B-00C04F79EFBC}") = "br.ufc.mdcc.hpcshelf.platform.impl.DataPlatform", "..\br.ufc.mdcc.hpcshelf.platform.impl.DataPlatform\br.ufc.mdcc.hpcshelf.platform.impl.DataPlatform\br.ufc.mdcc.hpcshelf.platform.impl.DataPlatform.csproj", "{FD1F0265-11F2-4117-BCA3-67903594D670}"
EndProject
Project("{FAE04EC0-301F-11D3-BF4B-00C04F79EFBC}") = "br.ufc.mdcc.hpcshelf.platform.impl.SAFePlatform", "..\br.ufc.mdcc.hpcshelf.platform.impl.SAFePlatform\br.ufc.mdcc.hpcshelf.platform.impl.SAFePlatform\br.ufc.mdcc.hpcshelf.platform.impl.SAFePlatform.csproj", "{3F794D83-F3BE-402F-9603-067CA88339C5}"
EndProject
Project("{FAE04EC0-301F-11D3-BF4B-00C04F79EFBC}") = "br.ufc.mdcc.hpcshelf.gust.graph.InputFormat", "..\br.ufc.mdcc.hpcshelf.gust.graph.InputFormat\br.ufc.mdcc.hpcshelf.gust.graph.InputFormat\br.ufc.mdcc.hpcshelf.gust.graph.InputFormat.csproj", "{6A7BA994-391F-404F-939C-077CA597C821}"
EndProject
Project("{FAE04EC0-301F-11D3-BF4B-00C04F79EFBC}") = "br.ufc.mdcc.hpcshelf.gust.graph.impl.InputFormatImpl", "..\br.ufc.mdcc.hpcshelf.gust.graph.impl.InputFormatImpl\br.ufc.mdcc.hpcshelf.gust.graph.impl.InputFormatImpl\br.ufc.mdcc.hpcshelf.gust.graph.impl.InputFormatImpl.csproj", "{178C8320-77BE-4376-A3C0-35092537A671}"
EndProject
Project("{FAE04EC0-301F-11D3-BF4B-00C04F79EFBC}") = "br.ufc.mdcc.hpcshelf.gust.graph.OutputFormat", "..\br.ufc.mdcc.hpcshelf.gust.graph.OutputFormat\br.ufc.mdcc.hpcshelf.gust.graph.OutputFormat\br.ufc.mdcc.hpcshelf.gust.graph.OutputFormat.csproj", "{9F703318-BB32-439F-BF43-CD7C35B1DB74}"
EndProject
Project("{FAE04EC0-301F-11D3-BF4B-00C04F79EFBC}") = "br.ufc.mdcc.hpcshelf.gust.graph.OutputFormatDefaultImpl", "..\br.ufc.mdcc.hpcshelf.gust.graph.OutputFormatDefaultImpl\br.ufc.mdcc.hpcshelf.gust.graph.OutputFormatDefaultImpl\br.ufc.mdcc.hpcshelf.gust.graph.OutputFormatDefaultImpl.csproj", "{58CBCD9B-D31F-4271-AA64-C7CC74C9CFF9}"
EndProject
Project("{FAE04EC0-301F-11D3-BF4B-00C04F79EFBC}") = "br.ufc.mdcc.hpcshelf.gust.impl.custom.PartitionFunctionInputFormatDefault", "..\br.ufc.mdcc.hpcshelf.gust.impl.custom.PartitionFunctionInputFormatDefault\br.ufc.mdcc.hpcshelf.gust.impl.custom.PartitionFunctionInputFormatDefault\br.ufc.mdcc.hpcshelf.gust.impl.custom.PartitionFunctionInputFormatDefault.csproj", "{86C3DBBE-375C-4597-8AEA-FA18676FB18D}"
EndProject
Project("{FAE04EC0-301F-11D3-BF4B-00C04F79EFBC}") = "br.ufc.mdcc.hpcshelf.gust.example.tc.DataTriangle", "..\br.ufc.mdcc.hpcshelf.gust.example.tc.DataTriangle\br.ufc.mdcc.hpcshelf.gust.example.tc.DataTriangle\br.ufc.mdcc.hpcshelf.gust.example.tc.DataTriangle.csproj", "{1BDCF1F2-63F0-45C8-8576-CCB2A46C94A2}"
EndProject
Project("{FAE04EC0-301F-11D3-BF4B-00C04F79EFBC}") = "br.ufc.mdcc.hpcshelf.gust.example.tc.DataTriangleImpl", "..\br.ufc.mdcc.hpcshelf.gust.example.tc.DataTriangleImpl\br.ufc.mdcc.hpcshelf.gust.example.tc.DataTriangleImpl\br.ufc.mdcc.hpcshelf.gust.example.tc.DataTriangleImpl.csproj", "{166AE228-B73A-451C-A177-2DB2308E4842}"
EndProject
Project("{FAE04EC0-301F-11D3-BF4B-00C04F79EFBC}") = "br.ufc.mdcc.hpcshelf.gust.example.tc.TriangleCount", "..\br.ufc.mdcc.hpcshelf.gust.example.tc.TriangleCount\br.ufc.mdcc.hpcshelf.gust.example.tc.TriangleCount\br.ufc.mdcc.hpcshelf.gust.example.tc.TriangleCount.csproj", "{740E8C90-045D-4E39-91EF-D8DABA6F249D}"
EndProject
Project("{FAE04EC0-301F-11D3-BF4B-00C04F79EFBC}") = "br.ufc.mdcc.hpcshelf.gust.example.tc.TriangleCountImpl", "..\br.ufc.mdcc.hpcshelf.gust.example.tc.TriangleCountImpl\br.ufc.mdcc.hpcshelf.gust.example.tc.TriangleCountImpl\br.ufc.mdcc.hpcshelf.gust.example.tc.TriangleCountImpl.csproj", "{2F7B0818-B08A-4990-968D-BB254B60243D}"
EndProject
Project("{FAE04EC0-301F-11D3-BF4B-00C04F79EFBC}") = "br.ufc.mdcc.hpcshelf.gust.graph.Vertex", "..\br.ufc.mdcc.hpcshelf.gust.graph.Vertex\br.ufc.mdcc.hpcshelf.gust.graph.Vertex\br.ufc.mdcc.hpcshelf.gust.graph.Vertex.csproj", "{B53D1E64-E50C-4BCD-A705-EDE7AEC76D9A}"
EndProject
Project("{FAE04EC0-301F-11D3-BF4B-00C04F79EFBC}") = "br.ufc.mdcc.hpcshelf.gust.graph.VertexBasic", "..\br.ufc.mdcc.hpcshelf.gust.graph.VertexBasic\br.ufc.mdcc.hpcshelf.gust.graph.VertexBasic\br.ufc.mdcc.hpcshelf.gust.graph.VertexBasic.csproj", "{DDD9658C-CDEA-4903-AEEC-5641EC96377E}"
EndProject
Project("{FAE04EC0-301F-11D3-BF4B-00C04F79EFBC}") = "br.ufc.mdcc.hpcshelf.gust.graph.Edge", "..\br.ufc.mdcc.hpcshelf.gust.graph.Edge\br.ufc.mdcc.hpcshelf.gust.graph.Edge\br.ufc.mdcc.hpcshelf.gust.graph.Edge.csproj", "{CE5F1F57-695B-46ED-98C1-6F6737A76CB9}"
EndProject
Project("{FAE04EC0-301F-11D3-BF4B-00C04F79EFBC}") = "br.ufc.mdcc.hpcshelf.gust.graph.EdgeBasic", "..\br.ufc.mdcc.hpcshelf.gust.graph.EdgeBasic\br.ufc.mdcc.hpcshelf.gust.graph.EdgeBasic\br.ufc.mdcc.hpcshelf.gust.graph.EdgeBasic.csproj", "{505F8DBD-BC4D-41C4-88AE-C58C962D6463}"
EndProject
Project("{FAE04EC0-301F-11D3-BF4B-00C04F79EFBC}") = "br.ufc.mdcc.hpcshelf.gust.graph.EdgeWeighted", "..\br.ufc.mdcc.hpcshelf.gust.graph.EdgeWeighted\br.ufc.mdcc.hpcshelf.gust.graph.EdgeWeighted\br.ufc.mdcc.hpcshelf.gust.graph.EdgeWeighted.csproj", "{476F03C1-DF48-4DA7-B4E4-1A187571F48D}"
EndProject
Project("{FAE04EC0-301F-11D3-BF4B-00C04F79EFBC}") = "br.ufc.mdcc.hpcshelf.gust.graph.impl.VertexImpl", "..\br.ufc.mdcc.hpcshelf.gust.graph.impl.VertexImpl\br.ufc.mdcc.hpcshelf.gust.graph.impl.VertexImpl\br.ufc.mdcc.hpcshelf.gust.graph.impl.VertexImpl.csproj", "{3E3F03D0-F417-4544-8202-819A6E853DD5}"
EndProject
Project("{FAE04EC0-301F-11D3-BF4B-00C04F79EFBC}") = "br.ufc.mdcc.hpcshelf.gust.graph.impl.VertexBasicImpl", "..\br.ufc.mdcc.hpcshelf.gust.graph.impl.VertexBasicImpl\br.ufc.mdcc.hpcshelf.gust.graph.impl.VertexBasicImpl\br.ufc.mdcc.hpcshelf.gust.graph.impl.VertexBasicImpl.csproj", "{0D0D4AFD-272C-4CA2-822B-E929E59B2435}"
EndProject
Project("{FAE04EC0-301F-11D3-BF4B-00C04F79EFBC}") = "br.ufc.mdcc.hpcshelf.gust.graph.impl.EdgeImpl", "..\br.ufc.mdcc.hpcshelf.gust.graph.impl.EdgeImpl\br.ufc.mdcc.hpcshelf.gust.graph.impl.EdgeImpl\br.ufc.mdcc.hpcshelf.gust.graph.impl.EdgeImpl.csproj", "{B60C7B28-79D5-442E-9023-F5B31A691629}"
EndProject
Project("{FAE04EC0-301F-11D3-BF4B-00C04F79EFBC}") = "br.ufc.mdcc.hpcshelf.gust.graph.impl.EdgeBasicImpl", "..\br.ufc.mdcc.hpcshelf.gust.graph.impl.EdgeBasicImpl\br.ufc.mdcc.hpcshelf.gust.graph.impl.EdgeBasicImpl\br.ufc.mdcc.hpcshelf.gust.graph.impl.EdgeBasicImpl.csproj", "{2464A266-46AE-4E46-90C2-7A116F632E25}"
EndProject
Project("{FAE04EC0-301F-11D3-BF4B-00C04F79EFBC}") = "br.ufc.mdcc.hpcshelf.gust.graph.impl.EdgeWeightedImpl", "..\br.ufc.mdcc.hpcshelf.gust.graph.impl.EdgeWeightedImpl\br.ufc.mdcc.hpcshelf.gust.graph.impl.EdgeWeightedImpl\br.ufc.mdcc.hpcshelf.gust.graph.impl.EdgeWeightedImpl.csproj", "{8DFC8087-3862-4E4D-81FF-8BB70B5AF8D0}"
EndProject
Project("{FAE04EC0-301F-11D3-BF4B-00C04F79EFBC}") = "br.ufc.mdcc.hpcshelf.gust.graph.container.DataContainer", "..\br.ufc.mdcc.hpcshelf.gust.graph.container.DataContainer\br.ufc.mdcc.hpcshelf.gust.graph.container.DataContainer\br.ufc.mdcc.hpcshelf.gust.graph.container.DataContainer.csproj", "{7B6A36EC-21B3-4C93-888C-01788A9423F8}"
EndProject
Project("{FAE04EC0-301F-11D3-BF4B-00C04F79EFBC}") = "br.ufc.mdcc.hpcshelf.gust.graph.container.DataContainerE", "..\br.ufc.mdcc.hpcshelf.gust.graph.container.DataContainerE\br.ufc.mdcc.hpcshelf.gust.graph.container.DataContainerE\br.ufc.mdcc.hpcshelf.gust.graph.container.DataContainerE.csproj", "{B536EBC5-FFB6-49C3-B975-341250B38DDC}"
EndProject
Project("{FAE04EC0-301F-11D3-BF4B-00C04F79EFBC}") = "br.ufc.mdcc.hpcshelf.gust.graph.container.DataContainerKV", "..\br.ufc.mdcc.hpcshelf.gust.graph.container.DataContainerKV\br.ufc.mdcc.hpcshelf.gust.graph.container.DataContainerKV\br.ufc.mdcc.hpcshelf.gust.graph.container.DataContainerKV.csproj", "{81CE7329-F4BF-4250-A830-D63902949A17}"
EndProject
Project("{FAE04EC0-301F-11D3-BF4B-00C04F79EFBC}") = "br.ufc.mdcc.hpcshelf.gust.graph.container.DataContainerV", "..\br.ufc.mdcc.hpcshelf.gust.graph.container.DataContainerV\br.ufc.mdcc.hpcshelf.gust.graph.container.DataContainerV\br.ufc.mdcc.hpcshelf.gust.graph.container.DataContainerV.csproj", "{1A45736A-A938-4026-B292-AEA8ED4A8651}"
EndProject
Project("{FAE04EC0-301F-11D3-BF4B-00C04F79EFBC}") = "br.ufc.mdcc.hpcshelf.gust.graph.container.impl.DataContainerEImpl", "..\br.ufc.mdcc.hpcshelf.gust.graph.container.impl.DataContainerEImpl\br.ufc.mdcc.hpcshelf.gust.graph.container.impl.DataContainerEImpl\br.ufc.mdcc.hpcshelf.gust.graph.container.impl.DataContainerEImpl.csproj", "{1F073EC8-07BD-4CCE-AAD3-C2B28B47217F}"
EndProject
Project("{FAE04EC0-301F-11D3-BF4B-00C04F79EFBC}") = "br.ufc.mdcc.hpcshelf.gust.graph.container.impl.DataContainerKVImpl", "..\br.ufc.mdcc.hpcshelf.gust.graph.container.impl.DataContainerKVImpl\br.ufc.mdcc.hpcshelf.gust.graph.container.impl.DataContainerKVImpl\br.ufc.mdcc.hpcshelf.gust.graph.container.impl.DataContainerKVImpl.csproj", "{36F15059-914B-4D66-B212-939A3784B579}"
EndProject
Project("{FAE04EC0-301F-11D3-BF4B-00C04F79EFBC}") = "br.ufc.mdcc.hpcshelf.gust.graph.container.impl.DataContainerVImpl", "..\br.ufc.mdcc.hpcshelf.gust.graph.container.impl.DataContainerVImpl\br.ufc.mdcc.hpcshelf.gust.graph.container.impl.DataContainerVImpl\br.ufc.mdcc.hpcshelf.gust.graph.container.impl.DataContainerVImpl.csproj", "{9E7525AA-F119-4A12-8488-E5600638DA73}"
EndProject
Project("{FAE04EC0-301F-11D3-BF4B-00C04F79EFBC}") = "br.ufc.mdcc.hpcshelf.gust.graph.Graph", "..\br.ufc.mdcc.hpcshelf.gust.graph.Graph\br.ufc.mdcc.hpcshelf.gust.graph.Graph\br.ufc.mdcc.hpcshelf.gust.graph.Graph.csproj", "{F648AF83-CBB9-4742-AA9F-F5D5287833B8}"
EndProject
Project("{FAE04EC0-301F-11D3-BF4B-00C04F79EFBC}") = "br.ufc.mdcc.hpcshelf.gust.graph.DirectedGraph", "..\br.ufc.mdcc.hpcshelf.gust.graph.DirectedGraph\br.ufc.mdcc.hpcshelf.gust.graph.DirectedGraph\br.ufc.mdcc.hpcshelf.gust.graph.DirectedGraph.csproj", "{90671855-07C4-4E67-8F2F-2384704D1F6B}"
EndProject
Project("{FAE04EC0-301F-11D3-BF4B-00C04F79EFBC}") = "br.ufc.mdcc.hpcshelf.gust.graph.UndirectedGraph", "..\br.ufc.mdcc.hpcshelf.gust.graph.UndirectedGraph\br.ufc.mdcc.hpcshelf.gust.graph.UndirectedGraph\br.ufc.mdcc.hpcshelf.gust.graph.UndirectedGraph.csproj", "{F71D8D8A-2FAD-4FA2-A9A3-0CFFC56DA1F7}"
EndProject
Project("{FAE04EC0-301F-11D3-BF4B-00C04F79EFBC}") = "br.ufc.mdcc.hpcshelf.gust.graph.impl.UndirectedGraphEImpl", "..\br.ufc.mdcc.hpcshelf.gust.graph.impl.UndirectedGraphEImpl\br.ufc.mdcc.hpcshelf.gust.graph.impl.UndirectedGraphEImpl\br.ufc.mdcc.hpcshelf.gust.graph.impl.UndirectedGraphEImpl.csproj", "{043267CF-72DB-4D63-B07B-720361F28976}"
EndProject
Project("{FAE04EC0-301F-11D3-BF4B-00C04F79EFBC}") = "br.ufc.mdcc.hpcshelf.gust.graph.impl.UndirectedGraphKVWeightedImpl", "..\br.ufc.mdcc.hpcshelf.gust.graph.impl.UndirectedGraphKVWeightedImpl\br.ufc.mdcc.hpcshelf.gust.graph.impl.UndirectedGraphKVWeightedImpl\br.ufc.mdcc.hpcshelf.gust.graph.impl.UndirectedGraphKVWeightedImpl.csproj", "{5F4798BF-7C9A-470D-AB9A-9D2ED779E734}"
EndProject
Project("{FAE04EC0-301F-11D3-BF4B-00C04F79EFBC}") = "br.ufc.mdcc.hpcshelf.gust.graph.impl.UndirectedGraphVImpl", "..\br.ufc.mdcc.hpcshelf.gust.graph.impl.UndirectedGraphVImpl\br.ufc.mdcc.hpcshelf.gust.graph.impl.UndirectedGraphVImpl\br.ufc.mdcc.hpcshelf.gust.graph.impl.UndirectedGraphVImpl.csproj", "{093D4EEF-4DFD-4CD7-94D7-8FC2A1EAC7E9}"
EndProject
Project("{FAE04EC0-301F-11D3-BF4B-00C04F79EFBC}") = "br.ufc.mdcc.hpcshelf.gust.graph.impl.DirectedGraphEImpl", "..\br.ufc.mdcc.hpcshelf.gust.graph.impl.DirectedGraphEImpl\br.ufc.mdcc.hpcshelf.gust.graph.impl.DirectedGraphEImpl\br.ufc.mdcc.hpcshelf.gust.graph.impl.DirectedGraphEImpl.csproj", "{7FE4118D-CAB3-40C5-8DA6-98393251D0EF}"
EndProject
Project("{FAE04EC0-301F-11D3-BF4B-00C04F79EFBC}") = "br.ufc.mdcc.hpcshelf.gust.graph.impl.DirectedGraphKVWeightedImpl", "..\br.ufc.mdcc.hpcshelf.gust.graph.impl.DirectedGraphKVWeightedImpl\br.ufc.mdcc.hpcshelf.gust.graph.impl.DirectedGraphKVWeightedImpl\br.ufc.mdcc.hpcshelf.gust.graph.impl.DirectedGraphKVWeightedImpl.csproj", "{FE03D83B-397B-497B-A3C2-2EDA9938A4EC}"
EndProject
Project("{FAE04EC0-301F-11D3-BF4B-00C04F79EFBC}") = "br.ufc.mdcc.hpcshelf.gust.graph.impl.DirectedGraphVImpl", "..\br.ufc.mdcc.hpcshelf.gust.graph.impl.DirectedGraphVImpl\br.ufc.mdcc.hpcshelf.gust.graph.impl.DirectedGraphVImpl\br.ufc.mdcc.hpcshelf.gust.graph.impl.DirectedGraphVImpl.csproj", "{60E81969-029D-4CF2-8857-6318889E8136}"
EndProject
Project("{FAE04EC0-301F-11D3-BF4B-00C04F79EFBC}") = "br.ufc.mdcc.hpcshelf.gust.impl.custom.PartitionFunctionVertexKeyDefault", "..\br.ufc.mdcc.hpcshelf.gust.impl.custom.PartitionFunctionVertexKeyDefault\br.ufc.mdcc.hpcshelf.gust.impl.custom.PartitionFunctionVertexKeyDefault\br.ufc.mdcc.hpcshelf.gust.impl.custom.PartitionFunctionVertexKeyDefault.csproj", "{DF985DB2-96E9-4919-A29E-8158FE79330F}"
EndProject
Project("{FAE04EC0-301F-11D3-BF4B-00C04F79EFBC}") = "br.ufc.mdcc.hpcshelf.gust.example.tc.TerminateFunctionTC", "..\br.ufc.mdcc.hpcshelf.gust.example.tc.TerminateFunctionTC\br.ufc.mdcc.hpcshelf.gust.example.tc.TerminateFunctionTC\br.ufc.mdcc.hpcshelf.gust.example.tc.TerminateFunctionTC.csproj", "{17CE2DE4-FEBC-461C-9FCC-C8B54FFA9A8F}"
EndProject
Project("{FAE04EC0-301F-11D3-BF4B-00C04F79EFBC}") = "br.ufc.mdcc.hpcshelf.gust.example.tc.TerminateFunctionTCImpl", "..\br.ufc.mdcc.hpcshelf.gust.example.tc.TerminateFunctionTCImpl\br.ufc.mdcc.hpcshelf.gust.example.tc.TerminateFunctionTCImpl\br.ufc.mdcc.hpcshelf.gust.example.tc.TerminateFunctionTCImpl.csproj", "{4E3CD9A5-16BF-4EA0-9E31-E422A6E57FE6}"
EndProject
Project("{FAE04EC0-301F-11D3-BF4B-00C04F79EFBC}") = "br.ufc.mdcc.hpcshelf.gust.connector.JoinLoop", "..\br.ufc.mdcc.hpcshelf.gust.connector.JoinLoop\br.ufc.mdcc.hpcshelf.gust.connector.JoinLoop\br.ufc.mdcc.hpcshelf.gust.connector.JoinLoop.csproj", "{262FC7ED-AB78-4162-9007-45A735E3ABF8}"
EndProject
Project("{FAE04EC0-301F-11D3-BF4B-00C04F79EFBC}") = "br.ufc.mdcc.hpcshelf.gust.impl.connector.JoinLoopImpl", "..\br.ufc.mdcc.hpcshelf.gust.impl.connector.JoinLoopImpl\br.ufc.mdcc.hpcshelf.gust.impl.connector.JoinLoopImpl\br.ufc.mdcc.hpcshelf.gust.impl.connector.JoinLoopImpl.csproj", "{AD2245E3-2AD0-4724-8A1B-E9F547DC24FE}"
EndProject
Project("{FAE04EC0-301F-11D3-BF4B-00C04F79EFBC}") = "br.ufc.mdcc.common.Float", "..\br.ufc.mdcc.common.Float\br.ufc.mdcc.common.Float\br.ufc.mdcc.common.Float.csproj", "{5F0005DB-2B83-4A93-B524-691C1CA9AF65}"
EndProject
Project("{FAE04EC0-301F-11D3-BF4B-00C04F79EFBC}") = "br.ufc.mdcc.common.impl.FloatImpl", "..\br.ufc.mdcc.common.impl.FloatImpl\br.ufc.mdcc.common.impl.FloatImpl\br.ufc.mdcc.common.impl.FloatImpl.csproj", "{C97607BA-761E-490D-914F-3E834098C0A0}"
EndProject
Project("{FAE04EC0-301F-11D3-BF4B-00C04F79EFBC}") = "br.ufc.mdcc.hpcshelf.gust.example.sssp.DataSSSP", "..\br.ufc.mdcc.hpcshelf.gust.example.sssp.DataSSSP\br.ufc.mdcc.hpcshelf.gust.example.sssp.DataSSSP\br.ufc.mdcc.hpcshelf.gust.example.sssp.DataSSSP.csproj", "{87B06CFA-3511-4743-A613-15E2DF08CE45}"
EndProject
Project("{FAE04EC0-301F-11D3-BF4B-00C04F79EFBC}") = "br.ufc.mdcc.hpcshelf.gust.example.sssp.SSSPImpl", "..\br.ufc.mdcc.hpcshelf.gust.example.sssp.SSSPImpl\br.ufc.mdcc.hpcshelf.gust.example.sssp.SSSPImpl\br.ufc.mdcc.hpcshelf.gust.example.sssp.SSSPImpl.csproj", "{D338DA32-2EA3-4E9F-8789-8D5798D2ECA1}"
EndProject
Project("{FAE04EC0-301F-11D3-BF4B-00C04F79EFBC}") = "br.ufc.mdcc.hpcshelf.gust.example.sssp.DataSSSPImpl", "..\br.ufc.mdcc.hpcshelf.gust.example.sssp.DataSSSPImpl\br.ufc.mdcc.hpcshelf.gust.example.sssp.DataSSSPImpl\br.ufc.mdcc.hpcshelf.gust.example.sssp.DataSSSPImpl.csproj", "{FC50AE20-CE9E-4B7F-8D74-54FFFE790583}"
EndProject
Project("{FAE04EC0-301F-11D3-BF4B-00C04F79EFBC}") = "br.ufc.mdcc.hpcshelf.gust.example.sssp.SSSP", "..\br.ufc.mdcc.hpcshelf.gust.example.sssp.SSSP\br.ufc.mdcc.hpcshelf.gust.example.sssp.SSSP\br.ufc.mdcc.hpcshelf.gust.example.sssp.SSSP.csproj", "{9157F6B3-1759-4237-83DF-30EB94C89394}"
EndProject
Project("{FAE04EC0-301F-11D3-BF4B-00C04F79EFBC}") = "br.ufc.mdcc.hpcshelf.gust.example.sssp.TerminateFunctionSSSP", "..\br.ufc.mdcc.hpcshelf.gust.example.sssp.TerminateFunctionSSSP\br.ufc.mdcc.hpcshelf.gust.example.sssp.TerminateFunctionSSSP\br.ufc.mdcc.hpcshelf.gust.example.sssp.TerminateFunctionSSSP.csproj", "{FACDA238-52E0-41B9-9029-18256D69CAD8}"
EndProject
Project("{FAE04EC0-301F-11D3-BF4B-00C04F79EFBC}") = "br.ufc.mdcc.hpcshelf.gust.example.sssp.TerminateFunctionSSSPImpl", "..\br.ufc.mdcc.hpcshelf.gust.example.sssp.TerminateFunctionSSSPImpl\br.ufc.mdcc.hpcshelf.gust.example.sssp.TerminateFunctionSSSPImpl\br.ufc.mdcc.hpcshelf.gust.example.sssp.TerminateFunctionSSSPImpl.csproj", "{8CF966E9-2320-4361-A184-56800ADE25A5}"
EndProject
Project("{FAE04EC0-301F-11D3-BF4B-00C04F79EFBC}") = "config.phase2.Workflow", "..\config.phase2.Workflow\config.phase2.Workflow\config.phase2.Workflow.csproj", "{AAF21789-00E9-4BBC-9D72-2FD86764F12C}"
EndProject
Project("{FAE04EC0-301F-11D3-BF4B-00C04F79EFBC}") = "config.phase2.impl.WorkflowImpl", "..\config.phase2.impl.WorkflowImpl\config.phase2.impl.WorkflowImpl\config.phase2.impl.WorkflowImpl.csproj", "{AA897345-6F9C-4D23-8A70-D7D4A5219601}"
EndProject
Project("{FAE04EC0-301F-11D3-BF4B-00C04F79EFBC}") = "config.phase1.Workflow", "..\config.phase1.Workflow\config.phase1.Workflow\config.phase1.Workflow.csproj", "{EBE0A880-6045-4D31-BB42-44E3A37631A8}"
EndProject
Project("{FAE04EC0-301F-11D3-BF4B-00C04F79EFBC}") = "config.phase1.impl.WorkflowImpl", "..\config.phase1.impl.WorkflowImpl\config.phase1.impl.WorkflowImpl\config.phase1.impl.WorkflowImpl.csproj", "{01961BCF-5953-407D-8C8E-9C1F0CAE05C9}"
EndProject
Project("{FAE04EC0-301F-11D3-BF4B-00C04F79EFBC}") = "config.phase3.Workflow", "..\config.phase3.Workflow\config.phase3.Workflow\config.phase3.Workflow.csproj", "{98D4ED76-43A2-42BF-987C-52EB6A93CFD4}"
EndProject
Project("{FAE04EC0-301F-11D3-BF4B-00C04F79EFBC}") = "config.phase3.impl.WorkflowImpl", "..\config.phase3.impl.WorkflowImpl\config.phase3.impl.WorkflowImpl\config.phase3.impl.WorkflowImpl.csproj", "{0737924A-0A37-42B8-928A-17492A2FDEEB}"
EndProject
Project("{FAE04EC0-301F-11D3-BF4B-00C04F79EFBC}") = "config.example.sssp.System", "..\config.example.sssp.System\config.example.sssp.System\config.example.sssp.System.csproj", "{4E25BB1E-561B-44CC-9AE3-09A243797768}"
EndProject
Project("{FAE04EC0-301F-11D3-BF4B-00C04F79EFBC}") = "config.Application", "..\config.Application\config.Application\config.Application.csproj", "{9B50C15B-478C-4E9D-90BF-7D7178862E2A}"
EndProject
Project("{FAE04EC0-301F-11D3-BF4B-00C04F79EFBC}") = "config.impl.ApplicationImpl", "..\config.impl.ApplicationImpl\config.impl.ApplicationImpl\config.impl.ApplicationImpl.csproj", "{34BDFEBD-4187-4EB9-BD55-D5DB82E8A99B}"
EndProject
Project("{FAE04EC0-301F-11D3-BF4B-00C04F79EFBC}") = "config.example.sssp.impl.SystemImpl", "..\config.example.sssp.impl.SystemImpl\config.example.sssp.impl.SystemImpl\config.example.sssp.impl.SystemImpl.csproj", "{130E8626-72C7-4A6B-990F-BA124CC1F8E5}"
EndProject
Project("{FAE04EC0-301F-11D3-BF4B-00C04F79EFBC}") = "config.example.tc.System", "..\config.example.tc.System\config.example.tc.System\config.example.tc.System.csproj", "{60628259-5FDA-4B24-A12F-F64519E4E8BF}"
EndProject
Project("{FAE04EC0-301F-11D3-BF4B-00C04F79EFBC}") = "config.example.tc.impl.SystemImpl", "..\config.example.tc.impl.SystemImpl\config.example.tc.impl.SystemImpl\config.example.tc.impl.SystemImpl.csproj", "{48B7B3AB-A14C-4E37-8AFE-233AF08D7A7D}"
EndProject
Project("{FAE04EC0-301F-11D3-BF4B-00C04F79EFBC}") = "br.ufc.mdcc.hpcshelf.gust.example.tc3.TC1", "..\br.ufc.mdcc.hpcshelf.gust.example.tc3.TC1\br.ufc.mdcc.hpcshelf.gust.example.tc3.TC1\br.ufc.mdcc.hpcshelf.gust.example.tc3.TC1.csproj", "{6AAAC15E-37BF-44E2-8EA6-E8A4E52E17F8}"
EndProject
Project("{FAE04EC0-301F-11D3-BF4B-00C04F79EFBC}") = "br.ufc.mdcc.hpcshelf.gust.example.tc3.TC1Impl", "..\br.ufc.mdcc.hpcshelf.gust.example.tc3.TC1Impl\br.ufc.mdcc.hpcshelf.gust.example.tc3.TC1Impl\br.ufc.mdcc.hpcshelf.gust.example.tc3.TC1Impl.csproj", "{B742F1E1-187F-4862-A473-E0BA1B97BF7E}"
EndProject
Project("{FAE04EC0-301F-11D3-BF4B-00C04F79EFBC}") = "br.ufc.mdcc.hpcshelf.gust.example.tc3.TC2", "..\br.ufc.mdcc.hpcshelf.gust.example.tc3.TC2\br.ufc.mdcc.hpcshelf.gust.example.tc3.TC2\br.ufc.mdcc.hpcshelf.gust.example.tc3.TC2.csproj", "{347B05F1-0C5B-4597-B0B6-BA21A67EAC4E}"
EndProject
Project("{FAE04EC0-301F-11D3-BF4B-00C04F79EFBC}") = "br.ufc.mdcc.hpcshelf.gust.example.tc3.TC2Impl", "..\br.ufc.mdcc.hpcshelf.gust.example.tc3.TC2Impl\br.ufc.mdcc.hpcshelf.gust.example.tc3.TC2Impl\br.ufc.mdcc.hpcshelf.gust.example.tc3.TC2Impl.csproj", "{6A9BDE12-3210-4CC2-8DCE-739A9253CCE9}"
EndProject
Project("{FAE04EC0-301F-11D3-BF4B-00C04F79EFBC}") = "br.ufc.mdcc.hpcshelf.gust.example.tc3.TC3", "..\br.ufc.mdcc.hpcshelf.gust.example.tc3.TC3\br.ufc.mdcc.hpcshelf.gust.example.tc3.TC3\br.ufc.mdcc.hpcshelf.gust.example.tc3.TC3.csproj", "{71AB549B-E524-4960-AE66-267637F4E6A9}"
EndProject
Project("{FAE04EC0-301F-11D3-BF4B-00C04F79EFBC}") = "br.ufc.mdcc.hpcshelf.gust.example.tc3.TC3Impl", "..\br.ufc.mdcc.hpcshelf.gust.example.tc3.TC3Impl\br.ufc.mdcc.hpcshelf.gust.example.tc3.TC3Impl\br.ufc.mdcc.hpcshelf.gust.example.tc3.TC3Impl.csproj", "{F8563B7E-F44B-47CE-84BE-80B34903E9E3}"
EndProject
Project("{FAE04EC0-301F-11D3-BF4B-00C04F79EFBC}") = "config.example.tc3.System", "..\config.example.tc3.System\config.example.tc3.System\config.example.tc3.System.csproj", "{0DA48DC9-922B-4387-9DD9-43B4C40CA422}"
EndProject
Project("{FAE04EC0-301F-11D3-BF4B-00C04F79EFBC}") = "config.example.tc3.impl.SystemImpl", "..\config.example.tc3.impl.SystemImpl\config.example.tc3.impl.SystemImpl\config.example.tc3.impl.SystemImpl.csproj", "{13E7F17C-4147-4F91-AA44-BA04E11C6AC0}"
EndProject
Project("{FAE04EC0-301F-11D3-BF4B-00C04F79EFBC}") = "br.ufc.mdcc.hpcshelf.gust.example.pgr.DataPGRANK", "..\br.ufc.mdcc.hpcshelf.gust.example.pgr.DataPGRANK\br.ufc.mdcc.hpcshelf.gust.example.pgr.DataPGRANK\br.ufc.mdcc.hpcshelf.gust.example.pgr.DataPGRANK.csproj", "{7EC50954-0082-44F4-A493-65AC530F3D91}"
EndProject
Project("{FAE04EC0-301F-11D3-BF4B-00C04F79EFBC}") = "br.ufc.mdcc.hpcshelf.gust.example.pgr.DataPGRANKImpl", "..\br.ufc.mdcc.hpcshelf.gust.example.pgr.DataPGRANKImpl\br.ufc.mdcc.hpcshelf.gust.example.pgr.DataPGRANKImpl\br.ufc.mdcc.hpcshelf.gust.example.pgr.DataPGRANKImpl.csproj", "{94DFD526-4EDD-4372-9047-695F5751DBBA}"
EndProject
Project("{FAE04EC0-301F-11D3-BF4B-00C04F79EFBC}") = "br.ufc.mdcc.hpcshelf.gust.example.pgr.TerminateFunctionPGRANK", "..\br.ufc.mdcc.hpcshelf.gust.example.pgr.TerminateFunctionPGRANK\br.ufc.mdcc.hpcshelf.gust.example.pgr.TerminateFunctionPGRANK\br.ufc.mdcc.hpcshelf.gust.example.pgr.TerminateFunctionPGRANK.csproj", "{A377C4C1-9843-4C8D-8F62-E7DD225B311A}"
EndProject
Project("{FAE04EC0-301F-11D3-BF4B-00C04F79EFBC}") = "br.ufc.mdcc.hpcshelf.gust.example.pgr.TerminateFunctionPGRANKImpl", "..\br.ufc.mdcc.hpcshelf.gust.example.pgr.TerminateFunctionPGRANKImpl\br.ufc.mdcc.hpcshelf.gust.example.pgr.TerminateFunctionPGRANKImpl\br.ufc.mdcc.hpcshelf.gust.example.pgr.TerminateFunctionPGRANKImpl.csproj", "{6F8B619D-C960-4808-85EA-A00E2797B392}"
EndProject
Project("{FAE04EC0-301F-11D3-BF4B-00C04F79EFBC}") = "br.ufc.mdcc.hpcshelf.gust.example.pgr.PGRANK", "..\br.ufc.mdcc.hpcshelf.gust.example.pgr.PGRANK\br.ufc.mdcc.hpcshelf.gust.example.pgr.PGRANK\br.ufc.mdcc.hpcshelf.gust.example.pgr.PGRANK.csproj", "{933A9ADA-B4A0-4200-9112-A3A20E18D462}"
EndProject
Project("{FAE04EC0-301F-11D3-BF4B-00C04F79EFBC}") = "br.ufc.mdcc.hpcshelf.gust.example.pgr.PGRANKImpl", "..\br.ufc.mdcc.hpcshelf.gust.example.pgr.PGRANKImpl\br.ufc.mdcc.hpcshelf.gust.example.pgr.PGRANKImpl\br.ufc.mdcc.hpcshelf.gust.example.pgr.PGRANKImpl.csproj", "{77DD8280-FCE7-4A65-BBF5-504B8AA7EA3F}"
EndProject
Project("{FAE04EC0-301F-11D3-BF4B-00C04F79EFBC}") = "config.example.pgr.System", "..\config.example.pgr.System\config.example.pgr.System\config.example.pgr.System.csproj", "{750EB3BC-0C2D-4AED-997B-AB078A657E89}"
EndProject
Project("{FAE04EC0-301F-11D3-BF4B-00C04F79EFBC}") = "config.example.pgr.impl.SystemImpl", "..\config.example.pgr.impl.SystemImpl\config.example.pgr.impl.SystemImpl\config.example.pgr.impl.SystemImpl.csproj", "{6366E122-9DED-4C9E-BE34-6B1AFDC9AA25}"
EndProject
Project("{FAE04EC0-301F-11D3-BF4B-00C04F79EFBC}") = "br.ufc.mdcc.hpcshelf.gust.example.common.NTimesTerminateFunction", "..\br.ufc.mdcc.hpcshelf.gust.example.common.NTimesTerminateFunction\br.ufc.mdcc.hpcshelf.gust.example.common.NTimesTerminateFunction\br.ufc.mdcc.hpcshelf.gust.example.common.NTimesTerminateFunction.csproj", "{BE0F2AAA-9407-4057-86EA-19A59BB4EDF1}"
EndProject
Project("{FAE04EC0-301F-11D3-BF4B-00C04F79EFBC}") = "br.ufc.mdcc.hpcshelf.gust.example.common.NTimesTerminateFunctionImpl", "..\br.ufc.mdcc.hpcshelf.gust.example.common.NTimesTerminateFunctionImpl\br.ufc.mdcc.hpcshelf.gust.example.common.NTimesTerminateFunctionImpl\br.ufc.mdcc.hpcshelf.gust.example.common.NTimesTerminateFunctionImpl.csproj", "{4867AB55-C1D6-4A4D-98BF-DBE33D64F41C}"
EndProject
Global
	GlobalSection(SolutionConfigurationPlatforms) = preSolution
		Debug|x86 = Debug|x86
		Release|x86 = Release|x86
	EndGlobalSection
	GlobalSection(ProjectConfigurationPlatforms) = postSolution
		{012D8E07-D3CE-4C77-B2AA-C54BE042E041}.Debug|x86.ActiveCfg = Debug|Any CPU
		{012D8E07-D3CE-4C77-B2AA-C54BE042E041}.Debug|x86.Build.0 = Debug|Any CPU
		{012D8E07-D3CE-4C77-B2AA-C54BE042E041}.Release|x86.ActiveCfg = Release|Any CPU
		{012D8E07-D3CE-4C77-B2AA-C54BE042E041}.Release|x86.Build.0 = Release|Any CPU
		{01961BCF-5953-407D-8C8E-9C1F0CAE05C9}.Debug|x86.ActiveCfg = Debug|Any CPU
		{01961BCF-5953-407D-8C8E-9C1F0CAE05C9}.Debug|x86.Build.0 = Debug|Any CPU
		{01961BCF-5953-407D-8C8E-9C1F0CAE05C9}.Release|x86.ActiveCfg = Release|Any CPU
		{01961BCF-5953-407D-8C8E-9C1F0CAE05C9}.Release|x86.Build.0 = Release|Any CPU
		{043267CF-72DB-4D63-B07B-720361F28976}.Debug|x86.ActiveCfg = Debug|Any CPU
		{043267CF-72DB-4D63-B07B-720361F28976}.Debug|x86.Build.0 = Debug|Any CPU
		{043267CF-72DB-4D63-B07B-720361F28976}.Release|x86.ActiveCfg = Release|Any CPU
		{043267CF-72DB-4D63-B07B-720361F28976}.Release|x86.Build.0 = Release|Any CPU
		{047DEF21-C63C-42EC-A19E-BFB67B025855}.Debug|x86.ActiveCfg = Debug|Any CPU
		{047DEF21-C63C-42EC-A19E-BFB67B025855}.Debug|x86.Build.0 = Debug|Any CPU
		{047DEF21-C63C-42EC-A19E-BFB67B025855}.Release|x86.ActiveCfg = Release|Any CPU
		{047DEF21-C63C-42EC-A19E-BFB67B025855}.Release|x86.Build.0 = Release|Any CPU
		{0737924A-0A37-42B8-928A-17492A2FDEEB}.Debug|x86.ActiveCfg = Debug|Any CPU
		{0737924A-0A37-42B8-928A-17492A2FDEEB}.Debug|x86.Build.0 = Debug|Any CPU
		{0737924A-0A37-42B8-928A-17492A2FDEEB}.Release|x86.ActiveCfg = Release|Any CPU
		{0737924A-0A37-42B8-928A-17492A2FDEEB}.Release|x86.Build.0 = Release|Any CPU
		{093D4EEF-4DFD-4CD7-94D7-8FC2A1EAC7E9}.Debug|x86.ActiveCfg = Debug|Any CPU
		{093D4EEF-4DFD-4CD7-94D7-8FC2A1EAC7E9}.Debug|x86.Build.0 = Debug|Any CPU
		{093D4EEF-4DFD-4CD7-94D7-8FC2A1EAC7E9}.Release|x86.ActiveCfg = Release|Any CPU
		{093D4EEF-4DFD-4CD7-94D7-8FC2A1EAC7E9}.Release|x86.Build.0 = Release|Any CPU
		{0B8363BE-935C-4EBF-B4ED-C45141D60353}.Debug|x86.ActiveCfg = Debug|Any CPU
		{0B8363BE-935C-4EBF-B4ED-C45141D60353}.Debug|x86.Build.0 = Debug|Any CPU
		{0B8363BE-935C-4EBF-B4ED-C45141D60353}.Release|x86.ActiveCfg = Release|Any CPU
		{0B8363BE-935C-4EBF-B4ED-C45141D60353}.Release|x86.Build.0 = Release|Any CPU
		{0D0D4AFD-272C-4CA2-822B-E929E59B2435}.Debug|x86.ActiveCfg = Debug|Any CPU
		{0D0D4AFD-272C-4CA2-822B-E929E59B2435}.Debug|x86.Build.0 = Debug|Any CPU
		{0D0D4AFD-272C-4CA2-822B-E929E59B2435}.Release|x86.ActiveCfg = Release|Any CPU
		{0D0D4AFD-272C-4CA2-822B-E929E59B2435}.Release|x86.Build.0 = Release|Any CPU
		{0DA48DC9-922B-4387-9DD9-43B4C40CA422}.Debug|x86.ActiveCfg = Debug|Any CPU
		{0DA48DC9-922B-4387-9DD9-43B4C40CA422}.Debug|x86.Build.0 = Debug|Any CPU
		{0DA48DC9-922B-4387-9DD9-43B4C40CA422}.Release|x86.ActiveCfg = Release|Any CPU
		{0DA48DC9-922B-4387-9DD9-43B4C40CA422}.Release|x86.Build.0 = Release|Any CPU
		{0F2DBF84-0C6A-4721-AAB1-DAD7EA675171}.Debug|x86.ActiveCfg = Debug|Any CPU
		{0F2DBF84-0C6A-4721-AAB1-DAD7EA675171}.Debug|x86.Build.0 = Debug|Any CPU
		{0F2DBF84-0C6A-4721-AAB1-DAD7EA675171}.Release|x86.ActiveCfg = Release|Any CPU
		{0F2DBF84-0C6A-4721-AAB1-DAD7EA675171}.Release|x86.Build.0 = Release|Any CPU
		{130E8626-72C7-4A6B-990F-BA124CC1F8E5}.Debug|x86.ActiveCfg = Debug|Any CPU
		{130E8626-72C7-4A6B-990F-BA124CC1F8E5}.Debug|x86.Build.0 = Debug|Any CPU
		{130E8626-72C7-4A6B-990F-BA124CC1F8E5}.Release|x86.ActiveCfg = Release|Any CPU
		{130E8626-72C7-4A6B-990F-BA124CC1F8E5}.Release|x86.Build.0 = Release|Any CPU
		{13E7F17C-4147-4F91-AA44-BA04E11C6AC0}.Debug|x86.ActiveCfg = Debug|Any CPU
		{13E7F17C-4147-4F91-AA44-BA04E11C6AC0}.Debug|x86.Build.0 = Debug|Any CPU
		{13E7F17C-4147-4F91-AA44-BA04E11C6AC0}.Release|x86.ActiveCfg = Release|Any CPU
		{13E7F17C-4147-4F91-AA44-BA04E11C6AC0}.Release|x86.Build.0 = Release|Any CPU
		{166AE228-B73A-451C-A177-2DB2308E4842}.Debug|x86.ActiveCfg = Debug|Any CPU
		{166AE228-B73A-451C-A177-2DB2308E4842}.Debug|x86.Build.0 = Debug|Any CPU
		{166AE228-B73A-451C-A177-2DB2308E4842}.Release|x86.ActiveCfg = Release|Any CPU
		{166AE228-B73A-451C-A177-2DB2308E4842}.Release|x86.Build.0 = Release|Any CPU
		{168E10F4-B1B8-4695-8586-CDC5598F79B8}.Debug|x86.ActiveCfg = Debug|Any CPU
		{168E10F4-B1B8-4695-8586-CDC5598F79B8}.Debug|x86.Build.0 = Debug|Any CPU
		{168E10F4-B1B8-4695-8586-CDC5598F79B8}.Release|x86.ActiveCfg = Release|Any CPU
		{168E10F4-B1B8-4695-8586-CDC5598F79B8}.Release|x86.Build.0 = Release|Any CPU
		{1784C0D3-7632-4F38-8FFF-FA8008E2A724}.Debug|x86.ActiveCfg = Debug|Any CPU
		{1784C0D3-7632-4F38-8FFF-FA8008E2A724}.Debug|x86.Build.0 = Debug|Any CPU
		{1784C0D3-7632-4F38-8FFF-FA8008E2A724}.Release|x86.ActiveCfg = Release|Any CPU
		{1784C0D3-7632-4F38-8FFF-FA8008E2A724}.Release|x86.Build.0 = Release|Any CPU
		{178C8320-77BE-4376-A3C0-35092537A671}.Debug|x86.ActiveCfg = Debug|Any CPU
		{178C8320-77BE-4376-A3C0-35092537A671}.Debug|x86.Build.0 = Debug|Any CPU
		{178C8320-77BE-4376-A3C0-35092537A671}.Release|x86.ActiveCfg = Release|Any CPU
		{178C8320-77BE-4376-A3C0-35092537A671}.Release|x86.Build.0 = Release|Any CPU
		{17CE2DE4-FEBC-461C-9FCC-C8B54FFA9A8F}.Debug|x86.ActiveCfg = Debug|Any CPU
		{17CE2DE4-FEBC-461C-9FCC-C8B54FFA9A8F}.Debug|x86.Build.0 = Debug|Any CPU
		{17CE2DE4-FEBC-461C-9FCC-C8B54FFA9A8F}.Release|x86.ActiveCfg = Release|Any CPU
		{17CE2DE4-FEBC-461C-9FCC-C8B54FFA9A8F}.Release|x86.Build.0 = Release|Any CPU
		{18A38548-6F1A-42C3-9B92-3B7A52CA1108}.Debug|x86.ActiveCfg = Debug|Any CPU
		{18A38548-6F1A-42C3-9B92-3B7A52CA1108}.Debug|x86.Build.0 = Debug|Any CPU
		{18A38548-6F1A-42C3-9B92-3B7A52CA1108}.Release|x86.ActiveCfg = Release|Any CPU
		{18A38548-6F1A-42C3-9B92-3B7A52CA1108}.Release|x86.Build.0 = Release|Any CPU
		{195D9F1F-9DDA-470D-AC22-88C4AF1E1EA1}.Debug|x86.ActiveCfg = Debug|Any CPU
		{195D9F1F-9DDA-470D-AC22-88C4AF1E1EA1}.Debug|x86.Build.0 = Debug|Any CPU
		{195D9F1F-9DDA-470D-AC22-88C4AF1E1EA1}.Release|x86.ActiveCfg = Release|Any CPU
		{195D9F1F-9DDA-470D-AC22-88C4AF1E1EA1}.Release|x86.Build.0 = Release|Any CPU
		{1A45736A-A938-4026-B292-AEA8ED4A8651}.Debug|x86.ActiveCfg = Debug|Any CPU
		{1A45736A-A938-4026-B292-AEA8ED4A8651}.Debug|x86.Build.0 = Debug|Any CPU
		{1A45736A-A938-4026-B292-AEA8ED4A8651}.Release|x86.ActiveCfg = Release|Any CPU
		{1A45736A-A938-4026-B292-AEA8ED4A8651}.Release|x86.Build.0 = Release|Any CPU
		{1BDCF1F2-63F0-45C8-8576-CCB2A46C94A2}.Debug|x86.ActiveCfg = Debug|Any CPU
		{1BDCF1F2-63F0-45C8-8576-CCB2A46C94A2}.Debug|x86.Build.0 = Debug|Any CPU
		{1BDCF1F2-63F0-45C8-8576-CCB2A46C94A2}.Release|x86.ActiveCfg = Release|Any CPU
		{1BDCF1F2-63F0-45C8-8576-CCB2A46C94A2}.Release|x86.Build.0 = Release|Any CPU
		{1F073EC8-07BD-4CCE-AAD3-C2B28B47217F}.Debug|x86.ActiveCfg = Debug|Any CPU
		{1F073EC8-07BD-4CCE-AAD3-C2B28B47217F}.Debug|x86.Build.0 = Debug|Any CPU
		{1F073EC8-07BD-4CCE-AAD3-C2B28B47217F}.Release|x86.ActiveCfg = Release|Any CPU
		{1F073EC8-07BD-4CCE-AAD3-C2B28B47217F}.Release|x86.Build.0 = Release|Any CPU
		{1F1C11D1-910D-4B0B-AE3A-80EC9882759C}.Debug|x86.ActiveCfg = Debug|Any CPU
		{1F1C11D1-910D-4B0B-AE3A-80EC9882759C}.Debug|x86.Build.0 = Debug|Any CPU
		{1F1C11D1-910D-4B0B-AE3A-80EC9882759C}.Release|x86.ActiveCfg = Release|Any CPU
		{1F1C11D1-910D-4B0B-AE3A-80EC9882759C}.Release|x86.Build.0 = Release|Any CPU
		{226E5496-FDF2-4765-9C43-D2A2770EE760}.Debug|x86.ActiveCfg = Debug|Any CPU
		{226E5496-FDF2-4765-9C43-D2A2770EE760}.Debug|x86.Build.0 = Debug|Any CPU
		{226E5496-FDF2-4765-9C43-D2A2770EE760}.Release|x86.ActiveCfg = Release|Any CPU
		{226E5496-FDF2-4765-9C43-D2A2770EE760}.Release|x86.Build.0 = Release|Any CPU
		{22FB1B6B-A788-4107-967C-7D5070B8885E}.Debug|x86.ActiveCfg = Debug|Any CPU
		{22FB1B6B-A788-4107-967C-7D5070B8885E}.Debug|x86.Build.0 = Debug|Any CPU
		{22FB1B6B-A788-4107-967C-7D5070B8885E}.Release|x86.ActiveCfg = Release|Any CPU
		{22FB1B6B-A788-4107-967C-7D5070B8885E}.Release|x86.Build.0 = Release|Any CPU
		{2464A266-46AE-4E46-90C2-7A116F632E25}.Debug|x86.ActiveCfg = Debug|Any CPU
		{2464A266-46AE-4E46-90C2-7A116F632E25}.Debug|x86.Build.0 = Debug|Any CPU
		{2464A266-46AE-4E46-90C2-7A116F632E25}.Release|x86.ActiveCfg = Release|Any CPU
		{2464A266-46AE-4E46-90C2-7A116F632E25}.Release|x86.Build.0 = Release|Any CPU
		{262FC7ED-AB78-4162-9007-45A735E3ABF8}.Debug|x86.ActiveCfg = Debug|Any CPU
		{262FC7ED-AB78-4162-9007-45A735E3ABF8}.Debug|x86.Build.0 = Debug|Any CPU
		{262FC7ED-AB78-4162-9007-45A735E3ABF8}.Release|x86.ActiveCfg = Release|Any CPU
		{262FC7ED-AB78-4162-9007-45A735E3ABF8}.Release|x86.Build.0 = Release|Any CPU
		{2740F5B5-682D-40F2-B578-FFF3EC0645FC}.Debug|x86.ActiveCfg = Debug|Any CPU
		{2740F5B5-682D-40F2-B578-FFF3EC0645FC}.Debug|x86.Build.0 = Debug|Any CPU
		{2740F5B5-682D-40F2-B578-FFF3EC0645FC}.Release|x86.ActiveCfg = Release|Any CPU
		{2740F5B5-682D-40F2-B578-FFF3EC0645FC}.Release|x86.Build.0 = Release|Any CPU
		{2C633D76-F5C2-4801-9564-BB4F68E020BE}.Debug|x86.ActiveCfg = Debug|Any CPU
		{2C633D76-F5C2-4801-9564-BB4F68E020BE}.Debug|x86.Build.0 = Debug|Any CPU
		{2C633D76-F5C2-4801-9564-BB4F68E020BE}.Release|x86.ActiveCfg = Release|Any CPU
		{2C633D76-F5C2-4801-9564-BB4F68E020BE}.Release|x86.Build.0 = Release|Any CPU
		{2ED50770-7691-4DF8-8FC9-D1CD007B8792}.Debug|x86.ActiveCfg = Debug|Any CPU
		{2ED50770-7691-4DF8-8FC9-D1CD007B8792}.Debug|x86.Build.0 = Debug|Any CPU
		{2ED50770-7691-4DF8-8FC9-D1CD007B8792}.Release|x86.ActiveCfg = Release|Any CPU
		{2ED50770-7691-4DF8-8FC9-D1CD007B8792}.Release|x86.Build.0 = Release|Any CPU
		{2F7B0818-B08A-4990-968D-BB254B60243D}.Debug|x86.ActiveCfg = Debug|Any CPU
		{2F7B0818-B08A-4990-968D-BB254B60243D}.Debug|x86.Build.0 = Debug|Any CPU
		{2F7B0818-B08A-4990-968D-BB254B60243D}.Release|x86.ActiveCfg = Release|Any CPU
		{2F7B0818-B08A-4990-968D-BB254B60243D}.Release|x86.Build.0 = Release|Any CPU
		{31772FB4-EA01-45AE-83D3-D6C2D8A570D1}.Debug|x86.ActiveCfg = Debug|Any CPU
		{31772FB4-EA01-45AE-83D3-D6C2D8A570D1}.Debug|x86.Build.0 = Debug|Any CPU
		{31772FB4-EA01-45AE-83D3-D6C2D8A570D1}.Release|x86.ActiveCfg = Release|Any CPU
		{31772FB4-EA01-45AE-83D3-D6C2D8A570D1}.Release|x86.Build.0 = Release|Any CPU
		{3212B769-8161-4364-9003-9492EA17E86A}.Debug|x86.ActiveCfg = Debug|Any CPU
		{3212B769-8161-4364-9003-9492EA17E86A}.Debug|x86.Build.0 = Debug|Any CPU
		{3212B769-8161-4364-9003-9492EA17E86A}.Release|x86.ActiveCfg = Release|Any CPU
		{3212B769-8161-4364-9003-9492EA17E86A}.Release|x86.Build.0 = Release|Any CPU
		{347B05F1-0C5B-4597-B0B6-BA21A67EAC4E}.Debug|x86.ActiveCfg = Debug|Any CPU
		{347B05F1-0C5B-4597-B0B6-BA21A67EAC4E}.Debug|x86.Build.0 = Debug|Any CPU
		{347B05F1-0C5B-4597-B0B6-BA21A67EAC4E}.Release|x86.ActiveCfg = Release|Any CPU
		{347B05F1-0C5B-4597-B0B6-BA21A67EAC4E}.Release|x86.Build.0 = Release|Any CPU
		{34BDFEBD-4187-4EB9-BD55-D5DB82E8A99B}.Debug|x86.ActiveCfg = Debug|Any CPU
		{34BDFEBD-4187-4EB9-BD55-D5DB82E8A99B}.Debug|x86.Build.0 = Debug|Any CPU
		{34BDFEBD-4187-4EB9-BD55-D5DB82E8A99B}.Release|x86.ActiveCfg = Release|Any CPU
		{34BDFEBD-4187-4EB9-BD55-D5DB82E8A99B}.Release|x86.Build.0 = Release|Any CPU
		{355E927B-8FF3-47DF-A595-EF9FC9DA8536}.Debug|x86.ActiveCfg = Debug|Any CPU
		{355E927B-8FF3-47DF-A595-EF9FC9DA8536}.Debug|x86.Build.0 = Debug|Any CPU
		{355E927B-8FF3-47DF-A595-EF9FC9DA8536}.Release|x86.ActiveCfg = Release|Any CPU
		{355E927B-8FF3-47DF-A595-EF9FC9DA8536}.Release|x86.Build.0 = Release|Any CPU
		{36F15059-914B-4D66-B212-939A3784B579}.Debug|x86.ActiveCfg = Debug|Any CPU
		{36F15059-914B-4D66-B212-939A3784B579}.Debug|x86.Build.0 = Debug|Any CPU
		{36F15059-914B-4D66-B212-939A3784B579}.Release|x86.ActiveCfg = Release|Any CPU
		{36F15059-914B-4D66-B212-939A3784B579}.Release|x86.Build.0 = Release|Any CPU
		{37C2BDBB-CD4E-4CE5-B1B9-6B852F335535}.Debug|x86.ActiveCfg = Debug|Any CPU
		{37C2BDBB-CD4E-4CE5-B1B9-6B852F335535}.Debug|x86.Build.0 = Debug|Any CPU
		{37C2BDBB-CD4E-4CE5-B1B9-6B852F335535}.Release|x86.ActiveCfg = Release|Any CPU
		{37C2BDBB-CD4E-4CE5-B1B9-6B852F335535}.Release|x86.Build.0 = Release|Any CPU
		{3E3F03D0-F417-4544-8202-819A6E853DD5}.Debug|x86.ActiveCfg = Debug|Any CPU
		{3E3F03D0-F417-4544-8202-819A6E853DD5}.Debug|x86.Build.0 = Debug|Any CPU
		{3E3F03D0-F417-4544-8202-819A6E853DD5}.Release|x86.ActiveCfg = Release|Any CPU
		{3E3F03D0-F417-4544-8202-819A6E853DD5}.Release|x86.Build.0 = Release|Any CPU
		{3F794D83-F3BE-402F-9603-067CA88339C5}.Debug|x86.ActiveCfg = Debug|Any CPU
		{3F794D83-F3BE-402F-9603-067CA88339C5}.Debug|x86.Build.0 = Debug|Any CPU
		{3F794D83-F3BE-402F-9603-067CA88339C5}.Release|x86.ActiveCfg = Release|Any CPU
		{3F794D83-F3BE-402F-9603-067CA88339C5}.Release|x86.Build.0 = Release|Any CPU
		{40488558-F21F-4863-A466-15F96A6CD131}.Debug|x86.ActiveCfg = Debug|Any CPU
		{40488558-F21F-4863-A466-15F96A6CD131}.Debug|x86.Build.0 = Debug|Any CPU
		{40488558-F21F-4863-A466-15F96A6CD131}.Release|x86.ActiveCfg = Release|Any CPU
		{40488558-F21F-4863-A466-15F96A6CD131}.Release|x86.Build.0 = Release|Any CPU
		{40D35DEE-28A1-4CE9-81EE-50280672C8DE}.Debug|x86.ActiveCfg = Debug|Any CPU
		{40D35DEE-28A1-4CE9-81EE-50280672C8DE}.Debug|x86.Build.0 = Debug|Any CPU
		{40D35DEE-28A1-4CE9-81EE-50280672C8DE}.Release|x86.ActiveCfg = Release|Any CPU
		{40D35DEE-28A1-4CE9-81EE-50280672C8DE}.Release|x86.Build.0 = Release|Any CPU
		{476F03C1-DF48-4DA7-B4E4-1A187571F48D}.Debug|x86.ActiveCfg = Debug|Any CPU
		{476F03C1-DF48-4DA7-B4E4-1A187571F48D}.Debug|x86.Build.0 = Debug|Any CPU
		{476F03C1-DF48-4DA7-B4E4-1A187571F48D}.Release|x86.ActiveCfg = Release|Any CPU
		{476F03C1-DF48-4DA7-B4E4-1A187571F48D}.Release|x86.Build.0 = Release|Any CPU
		{4867AB55-C1D6-4A4D-98BF-DBE33D64F41C}.Debug|x86.ActiveCfg = Debug|Any CPU
		{4867AB55-C1D6-4A4D-98BF-DBE33D64F41C}.Debug|x86.Build.0 = Debug|Any CPU
		{4867AB55-C1D6-4A4D-98BF-DBE33D64F41C}.Release|x86.ActiveCfg = Release|Any CPU
		{4867AB55-C1D6-4A4D-98BF-DBE33D64F41C}.Release|x86.Build.0 = Release|Any CPU
		{48B7B3AB-A14C-4E37-8AFE-233AF08D7A7D}.Debug|x86.ActiveCfg = Debug|Any CPU
		{48B7B3AB-A14C-4E37-8AFE-233AF08D7A7D}.Debug|x86.Build.0 = Debug|Any CPU
		{48B7B3AB-A14C-4E37-8AFE-233AF08D7A7D}.Release|x86.ActiveCfg = Release|Any CPU
		{48B7B3AB-A14C-4E37-8AFE-233AF08D7A7D}.Release|x86.Build.0 = Release|Any CPU
		{4BB52CBE-64B0-4E9C-812F-921ED3FB87AF}.Debug|x86.ActiveCfg = Debug|Any CPU
		{4BB52CBE-64B0-4E9C-812F-921ED3FB87AF}.Debug|x86.Build.0 = Debug|Any CPU
		{4BB52CBE-64B0-4E9C-812F-921ED3FB87AF}.Release|x86.ActiveCfg = Release|Any CPU
		{4BB52CBE-64B0-4E9C-812F-921ED3FB87AF}.Release|x86.Build.0 = Release|Any CPU
		{4E25BB1E-561B-44CC-9AE3-09A243797768}.Debug|x86.ActiveCfg = Debug|Any CPU
		{4E25BB1E-561B-44CC-9AE3-09A243797768}.Debug|x86.Build.0 = Debug|Any CPU
		{4E25BB1E-561B-44CC-9AE3-09A243797768}.Release|x86.ActiveCfg = Release|Any CPU
		{4E25BB1E-561B-44CC-9AE3-09A243797768}.Release|x86.Build.0 = Release|Any CPU
		{4E3CD9A5-16BF-4EA0-9E31-E422A6E57FE6}.Debug|x86.ActiveCfg = Debug|Any CPU
		{4E3CD9A5-16BF-4EA0-9E31-E422A6E57FE6}.Debug|x86.Build.0 = Debug|Any CPU
		{4E3CD9A5-16BF-4EA0-9E31-E422A6E57FE6}.Release|x86.ActiveCfg = Release|Any CPU
		{4E3CD9A5-16BF-4EA0-9E31-E422A6E57FE6}.Release|x86.Build.0 = Release|Any CPU
		{504A4A55-3292-4433-B83E-290ABB32ACDF}.Debug|x86.ActiveCfg = Debug|Any CPU
		{504A4A55-3292-4433-B83E-290ABB32ACDF}.Debug|x86.Build.0 = Debug|Any CPU
		{504A4A55-3292-4433-B83E-290ABB32ACDF}.Release|x86.ActiveCfg = Release|Any CPU
		{504A4A55-3292-4433-B83E-290ABB32ACDF}.Release|x86.Build.0 = Release|Any CPU
		{505F8DBD-BC4D-41C4-88AE-C58C962D6463}.Debug|x86.ActiveCfg = Debug|Any CPU
		{505F8DBD-BC4D-41C4-88AE-C58C962D6463}.Debug|x86.Build.0 = Debug|Any CPU
		{505F8DBD-BC4D-41C4-88AE-C58C962D6463}.Release|x86.ActiveCfg = Release|Any CPU
		{505F8DBD-BC4D-41C4-88AE-C58C962D6463}.Release|x86.Build.0 = Release|Any CPU
		{58CBCD9B-D31F-4271-AA64-C7CC74C9CFF9}.Debug|x86.ActiveCfg = Debug|Any CPU
		{58CBCD9B-D31F-4271-AA64-C7CC74C9CFF9}.Debug|x86.Build.0 = Debug|Any CPU
		{58CBCD9B-D31F-4271-AA64-C7CC74C9CFF9}.Release|x86.ActiveCfg = Release|Any CPU
		{58CBCD9B-D31F-4271-AA64-C7CC74C9CFF9}.Release|x86.Build.0 = Release|Any CPU
		{5F0005DB-2B83-4A93-B524-691C1CA9AF65}.Debug|x86.ActiveCfg = Debug|Any CPU
		{5F0005DB-2B83-4A93-B524-691C1CA9AF65}.Debug|x86.Build.0 = Debug|Any CPU
		{5F0005DB-2B83-4A93-B524-691C1CA9AF65}.Release|x86.ActiveCfg = Release|Any CPU
		{5F0005DB-2B83-4A93-B524-691C1CA9AF65}.Release|x86.Build.0 = Release|Any CPU
		{5F4798BF-7C9A-470D-AB9A-9D2ED779E734}.Debug|x86.ActiveCfg = Debug|Any CPU
		{5F4798BF-7C9A-470D-AB9A-9D2ED779E734}.Debug|x86.Build.0 = Debug|Any CPU
		{5F4798BF-7C9A-470D-AB9A-9D2ED779E734}.Release|x86.ActiveCfg = Release|Any CPU
		{5F4798BF-7C9A-470D-AB9A-9D2ED779E734}.Release|x86.Build.0 = Release|Any CPU
		{60628259-5FDA-4B24-A12F-F64519E4E8BF}.Debug|x86.ActiveCfg = Debug|Any CPU
		{60628259-5FDA-4B24-A12F-F64519E4E8BF}.Debug|x86.Build.0 = Debug|Any CPU
		{60628259-5FDA-4B24-A12F-F64519E4E8BF}.Release|x86.ActiveCfg = Release|Any CPU
		{60628259-5FDA-4B24-A12F-F64519E4E8BF}.Release|x86.Build.0 = Release|Any CPU
		{60E81969-029D-4CF2-8857-6318889E8136}.Debug|x86.ActiveCfg = Debug|Any CPU
		{60E81969-029D-4CF2-8857-6318889E8136}.Debug|x86.Build.0 = Debug|Any CPU
		{60E81969-029D-4CF2-8857-6318889E8136}.Release|x86.ActiveCfg = Release|Any CPU
		{60E81969-029D-4CF2-8857-6318889E8136}.Release|x86.Build.0 = Release|Any CPU
		{62252C8E-B7D2-493E-B84B-FD5A9F7FB725}.Debug|x86.ActiveCfg = Debug|Any CPU
		{62252C8E-B7D2-493E-B84B-FD5A9F7FB725}.Debug|x86.Build.0 = Debug|Any CPU
		{62252C8E-B7D2-493E-B84B-FD5A9F7FB725}.Release|x86.ActiveCfg = Release|Any CPU
		{62252C8E-B7D2-493E-B84B-FD5A9F7FB725}.Release|x86.Build.0 = Release|Any CPU
		{6366E122-9DED-4C9E-BE34-6B1AFDC9AA25}.Debug|x86.ActiveCfg = Debug|Any CPU
		{6366E122-9DED-4C9E-BE34-6B1AFDC9AA25}.Debug|x86.Build.0 = Debug|Any CPU
		{6366E122-9DED-4C9E-BE34-6B1AFDC9AA25}.Release|x86.ActiveCfg = Release|Any CPU
		{6366E122-9DED-4C9E-BE34-6B1AFDC9AA25}.Release|x86.Build.0 = Release|Any CPU
		{64735B4D-4D79-4F10-A191-6A3A9F9D54EB}.Debug|x86.ActiveCfg = Debug|Any CPU
		{64735B4D-4D79-4F10-A191-6A3A9F9D54EB}.Debug|x86.Build.0 = Debug|Any CPU
		{64735B4D-4D79-4F10-A191-6A3A9F9D54EB}.Release|x86.ActiveCfg = Release|Any CPU
		{64735B4D-4D79-4F10-A191-6A3A9F9D54EB}.Release|x86.Build.0 = Release|Any CPU
		{6A7BA994-391F-404F-939C-077CA597C821}.Debug|x86.ActiveCfg = Debug|Any CPU
		{6A7BA994-391F-404F-939C-077CA597C821}.Debug|x86.Build.0 = Debug|Any CPU
		{6A7BA994-391F-404F-939C-077CA597C821}.Release|x86.ActiveCfg = Release|Any CPU
		{6A7BA994-391F-404F-939C-077CA597C821}.Release|x86.Build.0 = Release|Any CPU
		{6A9BDE12-3210-4CC2-8DCE-739A9253CCE9}.Debug|x86.ActiveCfg = Debug|Any CPU
		{6A9BDE12-3210-4CC2-8DCE-739A9253CCE9}.Debug|x86.Build.0 = Debug|Any CPU
		{6A9BDE12-3210-4CC2-8DCE-739A9253CCE9}.Release|x86.ActiveCfg = Release|Any CPU
		{6A9BDE12-3210-4CC2-8DCE-739A9253CCE9}.Release|x86.Build.0 = Release|Any CPU
		{6AAAC15E-37BF-44E2-8EA6-E8A4E52E17F8}.Debug|x86.ActiveCfg = Debug|Any CPU
		{6AAAC15E-37BF-44E2-8EA6-E8A4E52E17F8}.Debug|x86.Build.0 = Debug|Any CPU
		{6AAAC15E-37BF-44E2-8EA6-E8A4E52E17F8}.Release|x86.ActiveCfg = Release|Any CPU
		{6AAAC15E-37BF-44E2-8EA6-E8A4E52E17F8}.Release|x86.Build.0 = Release|Any CPU
		{6D208A70-1079-40B1-BB4B-C2A28E36A82E}.Debug|x86.ActiveCfg = Debug|Any CPU
		{6D208A70-1079-40B1-BB4B-C2A28E36A82E}.Debug|x86.Build.0 = Debug|Any CPU
		{6D208A70-1079-40B1-BB4B-C2A28E36A82E}.Release|x86.ActiveCfg = Release|Any CPU
		{6D208A70-1079-40B1-BB4B-C2A28E36A82E}.Release|x86.Build.0 = Release|Any CPU
		{6F8B619D-C960-4808-85EA-A00E2797B392}.Debug|x86.ActiveCfg = Debug|Any CPU
		{6F8B619D-C960-4808-85EA-A00E2797B392}.Debug|x86.Build.0 = Debug|Any CPU
		{6F8B619D-C960-4808-85EA-A00E2797B392}.Release|x86.ActiveCfg = Release|Any CPU
		{6F8B619D-C960-4808-85EA-A00E2797B392}.Release|x86.Build.0 = Release|Any CPU
		{71AB549B-E524-4960-AE66-267637F4E6A9}.Debug|x86.ActiveCfg = Debug|Any CPU
		{71AB549B-E524-4960-AE66-267637F4E6A9}.Debug|x86.Build.0 = Debug|Any CPU
		{71AB549B-E524-4960-AE66-267637F4E6A9}.Release|x86.ActiveCfg = Release|Any CPU
		{71AB549B-E524-4960-AE66-267637F4E6A9}.Release|x86.Build.0 = Release|Any CPU
		{72DA50AF-C0DF-4319-8A45-E99E1D85CDB9}.Debug|x86.ActiveCfg = Debug|Any CPU
		{72DA50AF-C0DF-4319-8A45-E99E1D85CDB9}.Debug|x86.Build.0 = Debug|Any CPU
		{72DA50AF-C0DF-4319-8A45-E99E1D85CDB9}.Release|x86.ActiveCfg = Release|Any CPU
		{72DA50AF-C0DF-4319-8A45-E99E1D85CDB9}.Release|x86.Build.0 = Release|Any CPU
		{740E8C90-045D-4E39-91EF-D8DABA6F249D}.Debug|x86.ActiveCfg = Debug|Any CPU
		{740E8C90-045D-4E39-91EF-D8DABA6F249D}.Debug|x86.Build.0 = Debug|Any CPU
		{740E8C90-045D-4E39-91EF-D8DABA6F249D}.Release|x86.ActiveCfg = Release|Any CPU
		{740E8C90-045D-4E39-91EF-D8DABA6F249D}.Release|x86.Build.0 = Release|Any CPU
		{750EB3BC-0C2D-4AED-997B-AB078A657E89}.Debug|x86.ActiveCfg = Debug|Any CPU
		{750EB3BC-0C2D-4AED-997B-AB078A657E89}.Debug|x86.Build.0 = Debug|Any CPU
		{750EB3BC-0C2D-4AED-997B-AB078A657E89}.Release|x86.ActiveCfg = Release|Any CPU
		{750EB3BC-0C2D-4AED-997B-AB078A657E89}.Release|x86.Build.0 = Release|Any CPU
		{75954E48-9C52-4F6D-8947-13E9D574FBEA}.Debug|x86.ActiveCfg = Debug|Any CPU
		{75954E48-9C52-4F6D-8947-13E9D574FBEA}.Debug|x86.Build.0 = Debug|Any CPU
		{75954E48-9C52-4F6D-8947-13E9D574FBEA}.Release|x86.ActiveCfg = Release|Any CPU
		{75954E48-9C52-4F6D-8947-13E9D574FBEA}.Release|x86.Build.0 = Release|Any CPU
		{77DD8280-FCE7-4A65-BBF5-504B8AA7EA3F}.Debug|x86.ActiveCfg = Debug|Any CPU
		{77DD8280-FCE7-4A65-BBF5-504B8AA7EA3F}.Debug|x86.Build.0 = Debug|Any CPU
		{77DD8280-FCE7-4A65-BBF5-504B8AA7EA3F}.Release|x86.ActiveCfg = Release|Any CPU
		{77DD8280-FCE7-4A65-BBF5-504B8AA7EA3F}.Release|x86.Build.0 = Release|Any CPU
		{79FBBB8B-B07B-45E4-AD23-5556010C8B6F}.Debug|x86.ActiveCfg = Debug|Any CPU
		{79FBBB8B-B07B-45E4-AD23-5556010C8B6F}.Debug|x86.Build.0 = Debug|Any CPU
		{79FBBB8B-B07B-45E4-AD23-5556010C8B6F}.Release|x86.ActiveCfg = Release|Any CPU
		{79FBBB8B-B07B-45E4-AD23-5556010C8B6F}.Release|x86.Build.0 = Release|Any CPU
		{7AE08D52-2EA4-48E4-B7B9-379C3789B2B5}.Debug|x86.ActiveCfg = Debug|x86
		{7AE08D52-2EA4-48E4-B7B9-379C3789B2B5}.Debug|x86.Build.0 = Debug|x86
		{7AE08D52-2EA4-48E4-B7B9-379C3789B2B5}.Release|x86.ActiveCfg = Release|x86
		{7AE08D52-2EA4-48E4-B7B9-379C3789B2B5}.Release|x86.Build.0 = Release|x86
		{7B6A36EC-21B3-4C93-888C-01788A9423F8}.Debug|x86.ActiveCfg = Debug|Any CPU
		{7B6A36EC-21B3-4C93-888C-01788A9423F8}.Debug|x86.Build.0 = Debug|Any CPU
		{7B6A36EC-21B3-4C93-888C-01788A9423F8}.Release|x86.ActiveCfg = Release|Any CPU
		{7B6A36EC-21B3-4C93-888C-01788A9423F8}.Release|x86.Build.0 = Release|Any CPU
		{7C4CD88A-478E-4463-8D06-9B23282D8003}.Debug|x86.ActiveCfg = Debug|Any CPU
		{7C4CD88A-478E-4463-8D06-9B23282D8003}.Debug|x86.Build.0 = Debug|Any CPU
		{7C4CD88A-478E-4463-8D06-9B23282D8003}.Release|x86.ActiveCfg = Release|Any CPU
		{7C4CD88A-478E-4463-8D06-9B23282D8003}.Release|x86.Build.0 = Release|Any CPU
		{7CEA4BF7-37CD-4F93-B603-CF5FB9239B1F}.Debug|x86.ActiveCfg = Debug|Any CPU
		{7CEA4BF7-37CD-4F93-B603-CF5FB9239B1F}.Debug|x86.Build.0 = Debug|Any CPU
		{7CEA4BF7-37CD-4F93-B603-CF5FB9239B1F}.Release|x86.ActiveCfg = Release|Any CPU
		{7CEA4BF7-37CD-4F93-B603-CF5FB9239B1F}.Release|x86.Build.0 = Release|Any CPU
		{7EC50954-0082-44F4-A493-65AC530F3D91}.Debug|x86.ActiveCfg = Debug|Any CPU
		{7EC50954-0082-44F4-A493-65AC530F3D91}.Debug|x86.Build.0 = Debug|Any CPU
		{7EC50954-0082-44F4-A493-65AC530F3D91}.Release|x86.ActiveCfg = Release|Any CPU
		{7EC50954-0082-44F4-A493-65AC530F3D91}.Release|x86.Build.0 = Release|Any CPU
		{7FE4118D-CAB3-40C5-8DA6-98393251D0EF}.Debug|x86.ActiveCfg = Debug|Any CPU
		{7FE4118D-CAB3-40C5-8DA6-98393251D0EF}.Debug|x86.Build.0 = Debug|Any CPU
		{7FE4118D-CAB3-40C5-8DA6-98393251D0EF}.Release|x86.ActiveCfg = Release|Any CPU
		{7FE4118D-CAB3-40C5-8DA6-98393251D0EF}.Release|x86.Build.0 = Release|Any CPU
		{807A087E-123C-4745-B029-C31FC9458A61}.Debug|x86.ActiveCfg = Debug|Any CPU
		{807A087E-123C-4745-B029-C31FC9458A61}.Debug|x86.Build.0 = Debug|Any CPU
		{807A087E-123C-4745-B029-C31FC9458A61}.Release|x86.ActiveCfg = Release|Any CPU
		{807A087E-123C-4745-B029-C31FC9458A61}.Release|x86.Build.0 = Release|Any CPU
		{816B876F-E438-4F9E-85D8-B98BCCE57044}.Debug|x86.ActiveCfg = Debug|Any CPU
		{816B876F-E438-4F9E-85D8-B98BCCE57044}.Debug|x86.Build.0 = Debug|Any CPU
		{816B876F-E438-4F9E-85D8-B98BCCE57044}.Release|x86.ActiveCfg = Release|Any CPU
		{816B876F-E438-4F9E-85D8-B98BCCE57044}.Release|x86.Build.0 = Release|Any CPU
		{81CE7329-F4BF-4250-A830-D63902949A17}.Debug|x86.ActiveCfg = Debug|Any CPU
		{81CE7329-F4BF-4250-A830-D63902949A17}.Debug|x86.Build.0 = Debug|Any CPU
		{81CE7329-F4BF-4250-A830-D63902949A17}.Release|x86.ActiveCfg = Release|Any CPU
		{81CE7329-F4BF-4250-A830-D63902949A17}.Release|x86.Build.0 = Release|Any CPU
		{859A9FD6-7791-4191-824D-C1890A5EE1ED}.Debug|x86.ActiveCfg = Debug|Any CPU
		{859A9FD6-7791-4191-824D-C1890A5EE1ED}.Debug|x86.Build.0 = Debug|Any CPU
		{859A9FD6-7791-4191-824D-C1890A5EE1ED}.Release|x86.ActiveCfg = Release|Any CPU
		{859A9FD6-7791-4191-824D-C1890A5EE1ED}.Release|x86.Build.0 = Release|Any CPU
		{86C3DBBE-375C-4597-8AEA-FA18676FB18D}.Debug|x86.ActiveCfg = Debug|Any CPU
		{86C3DBBE-375C-4597-8AEA-FA18676FB18D}.Debug|x86.Build.0 = Debug|Any CPU
		{86C3DBBE-375C-4597-8AEA-FA18676FB18D}.Release|x86.ActiveCfg = Release|Any CPU
		{86C3DBBE-375C-4597-8AEA-FA18676FB18D}.Release|x86.Build.0 = Release|Any CPU
		{87B06CFA-3511-4743-A613-15E2DF08CE45}.Debug|x86.ActiveCfg = Debug|Any CPU
		{87B06CFA-3511-4743-A613-15E2DF08CE45}.Debug|x86.Build.0 = Debug|Any CPU
		{87B06CFA-3511-4743-A613-15E2DF08CE45}.Release|x86.ActiveCfg = Release|Any CPU
		{87B06CFA-3511-4743-A613-15E2DF08CE45}.Release|x86.Build.0 = Release|Any CPU
		{8CF966E9-2320-4361-A184-56800ADE25A5}.Debug|x86.ActiveCfg = Debug|Any CPU
		{8CF966E9-2320-4361-A184-56800ADE25A5}.Debug|x86.Build.0 = Debug|Any CPU
		{8CF966E9-2320-4361-A184-56800ADE25A5}.Release|x86.ActiveCfg = Release|Any CPU
		{8CF966E9-2320-4361-A184-56800ADE25A5}.Release|x86.Build.0 = Release|Any CPU
		{8DFC8087-3862-4E4D-81FF-8BB70B5AF8D0}.Debug|x86.ActiveCfg = Debug|Any CPU
		{8DFC8087-3862-4E4D-81FF-8BB70B5AF8D0}.Debug|x86.Build.0 = Debug|Any CPU
		{8DFC8087-3862-4E4D-81FF-8BB70B5AF8D0}.Release|x86.ActiveCfg = Release|Any CPU
		{8DFC8087-3862-4E4D-81FF-8BB70B5AF8D0}.Release|x86.Build.0 = Release|Any CPU
		{90623C03-B24B-4448-A81E-901BB4017F36}.Debug|x86.ActiveCfg = Debug|Any CPU
		{90623C03-B24B-4448-A81E-901BB4017F36}.Debug|x86.Build.0 = Debug|Any CPU
		{90623C03-B24B-4448-A81E-901BB4017F36}.Release|x86.ActiveCfg = Release|Any CPU
		{90623C03-B24B-4448-A81E-901BB4017F36}.Release|x86.Build.0 = Release|Any CPU
		{90671855-07C4-4E67-8F2F-2384704D1F6B}.Debug|x86.ActiveCfg = Debug|Any CPU
		{90671855-07C4-4E67-8F2F-2384704D1F6B}.Debug|x86.Build.0 = Debug|Any CPU
		{90671855-07C4-4E67-8F2F-2384704D1F6B}.Release|x86.ActiveCfg = Release|Any CPU
		{90671855-07C4-4E67-8F2F-2384704D1F6B}.Release|x86.Build.0 = Release|Any CPU
		{9157F6B3-1759-4237-83DF-30EB94C89394}.Debug|x86.ActiveCfg = Debug|Any CPU
		{9157F6B3-1759-4237-83DF-30EB94C89394}.Debug|x86.Build.0 = Debug|Any CPU
		{9157F6B3-1759-4237-83DF-30EB94C89394}.Release|x86.ActiveCfg = Release|Any CPU
		{9157F6B3-1759-4237-83DF-30EB94C89394}.Release|x86.Build.0 = Release|Any CPU
		{933A9ADA-B4A0-4200-9112-A3A20E18D462}.Debug|x86.ActiveCfg = Debug|Any CPU
		{933A9ADA-B4A0-4200-9112-A3A20E18D462}.Debug|x86.Build.0 = Debug|Any CPU
		{933A9ADA-B4A0-4200-9112-A3A20E18D462}.Release|x86.ActiveCfg = Release|Any CPU
		{933A9ADA-B4A0-4200-9112-A3A20E18D462}.Release|x86.Build.0 = Release|Any CPU
		{94DFD526-4EDD-4372-9047-695F5751DBBA}.Debug|x86.ActiveCfg = Debug|Any CPU
		{94DFD526-4EDD-4372-9047-695F5751DBBA}.Debug|x86.Build.0 = Debug|Any CPU
		{94DFD526-4EDD-4372-9047-695F5751DBBA}.Release|x86.ActiveCfg = Release|Any CPU
		{94DFD526-4EDD-4372-9047-695F5751DBBA}.Release|x86.Build.0 = Release|Any CPU
		{97B35E58-AC6B-44A6-A536-90FA39076265}.Debug|x86.ActiveCfg = Debug|Any CPU
		{97B35E58-AC6B-44A6-A536-90FA39076265}.Debug|x86.Build.0 = Debug|Any CPU
		{97B35E58-AC6B-44A6-A536-90FA39076265}.Release|x86.ActiveCfg = Release|Any CPU
		{97B35E58-AC6B-44A6-A536-90FA39076265}.Release|x86.Build.0 = Release|Any CPU
		{98D4ED76-43A2-42BF-987C-52EB6A93CFD4}.Debug|x86.ActiveCfg = Debug|Any CPU
		{98D4ED76-43A2-42BF-987C-52EB6A93CFD4}.Debug|x86.Build.0 = Debug|Any CPU
		{98D4ED76-43A2-42BF-987C-52EB6A93CFD4}.Release|x86.ActiveCfg = Release|Any CPU
		{98D4ED76-43A2-42BF-987C-52EB6A93CFD4}.Release|x86.Build.0 = Release|Any CPU
		{99F99D20-6FC8-4E82-845B-6C02560D9F2F}.Debug|x86.ActiveCfg = Debug|Any CPU
		{99F99D20-6FC8-4E82-845B-6C02560D9F2F}.Debug|x86.Build.0 = Debug|Any CPU
		{99F99D20-6FC8-4E82-845B-6C02560D9F2F}.Release|x86.ActiveCfg = Release|Any CPU
		{99F99D20-6FC8-4E82-845B-6C02560D9F2F}.Release|x86.Build.0 = Release|Any CPU
		{9A02D2DD-0967-4810-A845-3EDE50DDE195}.Debug|x86.ActiveCfg = Debug|Any CPU
		{9A02D2DD-0967-4810-A845-3EDE50DDE195}.Debug|x86.Build.0 = Debug|Any CPU
		{9A02D2DD-0967-4810-A845-3EDE50DDE195}.Release|x86.ActiveCfg = Release|Any CPU
		{9A02D2DD-0967-4810-A845-3EDE50DDE195}.Release|x86.Build.0 = Release|Any CPU
		{9B499C49-DA84-475A-B783-2A3D2DEAAA97}.Debug|x86.ActiveCfg = Debug|Any CPU
		{9B499C49-DA84-475A-B783-2A3D2DEAAA97}.Debug|x86.Build.0 = Debug|Any CPU
		{9B499C49-DA84-475A-B783-2A3D2DEAAA97}.Release|x86.ActiveCfg = Release|Any CPU
		{9B499C49-DA84-475A-B783-2A3D2DEAAA97}.Release|x86.Build.0 = Release|Any CPU
		{9B50C15B-478C-4E9D-90BF-7D7178862E2A}.Debug|x86.ActiveCfg = Debug|Any CPU
		{9B50C15B-478C-4E9D-90BF-7D7178862E2A}.Debug|x86.Build.0 = Debug|Any CPU
		{9B50C15B-478C-4E9D-90BF-7D7178862E2A}.Release|x86.ActiveCfg = Release|Any CPU
		{9B50C15B-478C-4E9D-90BF-7D7178862E2A}.Release|x86.Build.0 = Release|Any CPU
		{9E7525AA-F119-4A12-8488-E5600638DA73}.Debug|x86.ActiveCfg = Debug|Any CPU
		{9E7525AA-F119-4A12-8488-E5600638DA73}.Debug|x86.Build.0 = Debug|Any CPU
		{9E7525AA-F119-4A12-8488-E5600638DA73}.Release|x86.ActiveCfg = Release|Any CPU
		{9E7525AA-F119-4A12-8488-E5600638DA73}.Release|x86.Build.0 = Release|Any CPU
		{9F703318-BB32-439F-BF43-CD7C35B1DB74}.Debug|x86.ActiveCfg = Debug|Any CPU
		{9F703318-BB32-439F-BF43-CD7C35B1DB74}.Debug|x86.Build.0 = Debug|Any CPU
		{9F703318-BB32-439F-BF43-CD7C35B1DB74}.Release|x86.ActiveCfg = Release|Any CPU
		{9F703318-BB32-439F-BF43-CD7C35B1DB74}.Release|x86.Build.0 = Release|Any CPU
		{A377C4C1-9843-4C8D-8F62-E7DD225B311A}.Debug|x86.ActiveCfg = Debug|Any CPU
		{A377C4C1-9843-4C8D-8F62-E7DD225B311A}.Debug|x86.Build.0 = Debug|Any CPU
		{A377C4C1-9843-4C8D-8F62-E7DD225B311A}.Release|x86.ActiveCfg = Release|Any CPU
		{A377C4C1-9843-4C8D-8F62-E7DD225B311A}.Release|x86.Build.0 = Release|Any CPU
		{A9FDA6E8-636D-4FB7-9F2E-D0849A44E6D8}.Debug|x86.ActiveCfg = Debug|Any CPU
		{A9FDA6E8-636D-4FB7-9F2E-D0849A44E6D8}.Debug|x86.Build.0 = Debug|Any CPU
		{A9FDA6E8-636D-4FB7-9F2E-D0849A44E6D8}.Release|x86.ActiveCfg = Release|Any CPU
		{A9FDA6E8-636D-4FB7-9F2E-D0849A44E6D8}.Release|x86.Build.0 = Release|Any CPU
		{AA897345-6F9C-4D23-8A70-D7D4A5219601}.Debug|x86.ActiveCfg = Debug|Any CPU
		{AA897345-6F9C-4D23-8A70-D7D4A5219601}.Debug|x86.Build.0 = Debug|Any CPU
		{AA897345-6F9C-4D23-8A70-D7D4A5219601}.Release|x86.ActiveCfg = Release|Any CPU
		{AA897345-6F9C-4D23-8A70-D7D4A5219601}.Release|x86.Build.0 = Release|Any CPU
		{AAF21789-00E9-4BBC-9D72-2FD86764F12C}.Debug|x86.ActiveCfg = Debug|Any CPU
		{AAF21789-00E9-4BBC-9D72-2FD86764F12C}.Debug|x86.Build.0 = Debug|Any CPU
		{AAF21789-00E9-4BBC-9D72-2FD86764F12C}.Release|x86.ActiveCfg = Release|Any CPU
		{AAF21789-00E9-4BBC-9D72-2FD86764F12C}.Release|x86.Build.0 = Release|Any CPU
		{AD2245E3-2AD0-4724-8A1B-E9F547DC24FE}.Debug|x86.ActiveCfg = Debug|Any CPU
		{AD2245E3-2AD0-4724-8A1B-E9F547DC24FE}.Debug|x86.Build.0 = Debug|Any CPU
		{AD2245E3-2AD0-4724-8A1B-E9F547DC24FE}.Release|x86.ActiveCfg = Release|Any CPU
		{AD2245E3-2AD0-4724-8A1B-E9F547DC24FE}.Release|x86.Build.0 = Release|Any CPU
		{ADB1B6BE-28D3-4B10-BBFC-9224181F52C7}.Debug|x86.ActiveCfg = Debug|Any CPU
		{ADB1B6BE-28D3-4B10-BBFC-9224181F52C7}.Debug|x86.Build.0 = Debug|Any CPU
		{ADB1B6BE-28D3-4B10-BBFC-9224181F52C7}.Release|x86.ActiveCfg = Release|Any CPU
		{ADB1B6BE-28D3-4B10-BBFC-9224181F52C7}.Release|x86.Build.0 = Release|Any CPU
		{B1988D74-54AE-4031-B185-E046226BC359}.Debug|x86.ActiveCfg = Debug|Any CPU
		{B1988D74-54AE-4031-B185-E046226BC359}.Debug|x86.Build.0 = Debug|Any CPU
		{B1988D74-54AE-4031-B185-E046226BC359}.Release|x86.ActiveCfg = Release|Any CPU
		{B1988D74-54AE-4031-B185-E046226BC359}.Release|x86.Build.0 = Release|Any CPU
		{B536EBC5-FFB6-49C3-B975-341250B38DDC}.Debug|x86.ActiveCfg = Debug|Any CPU
		{B536EBC5-FFB6-49C3-B975-341250B38DDC}.Debug|x86.Build.0 = Debug|Any CPU
		{B536EBC5-FFB6-49C3-B975-341250B38DDC}.Release|x86.ActiveCfg = Release|Any CPU
		{B536EBC5-FFB6-49C3-B975-341250B38DDC}.Release|x86.Build.0 = Release|Any CPU
		{B53D1E64-E50C-4BCD-A705-EDE7AEC76D9A}.Debug|x86.ActiveCfg = Debug|Any CPU
		{B53D1E64-E50C-4BCD-A705-EDE7AEC76D9A}.Debug|x86.Build.0 = Debug|Any CPU
		{B53D1E64-E50C-4BCD-A705-EDE7AEC76D9A}.Release|x86.ActiveCfg = Release|Any CPU
		{B53D1E64-E50C-4BCD-A705-EDE7AEC76D9A}.Release|x86.Build.0 = Release|Any CPU
		{B60C7B28-79D5-442E-9023-F5B31A691629}.Debug|x86.ActiveCfg = Debug|Any CPU
		{B60C7B28-79D5-442E-9023-F5B31A691629}.Debug|x86.Build.0 = Debug|Any CPU
		{B60C7B28-79D5-442E-9023-F5B31A691629}.Release|x86.ActiveCfg = Release|Any CPU
		{B60C7B28-79D5-442E-9023-F5B31A691629}.Release|x86.Build.0 = Release|Any CPU
		{B742F1E1-187F-4862-A473-E0BA1B97BF7E}.Debug|x86.ActiveCfg = Debug|Any CPU
		{B742F1E1-187F-4862-A473-E0BA1B97BF7E}.Debug|x86.Build.0 = Debug|Any CPU
		{B742F1E1-187F-4862-A473-E0BA1B97BF7E}.Release|x86.ActiveCfg = Release|Any CPU
		{B742F1E1-187F-4862-A473-E0BA1B97BF7E}.Release|x86.Build.0 = Release|Any CPU
		{B785892B-10B1-43BA-897F-E6F02CC932D0}.Debug|x86.ActiveCfg = Debug|Any CPU
		{B785892B-10B1-43BA-897F-E6F02CC932D0}.Debug|x86.Build.0 = Debug|Any CPU
		{B785892B-10B1-43BA-897F-E6F02CC932D0}.Release|x86.ActiveCfg = Release|Any CPU
		{B785892B-10B1-43BA-897F-E6F02CC932D0}.Release|x86.Build.0 = Release|Any CPU
		{B9018D06-D120-45ED-9A37-A713D5B715E5}.Debug|x86.ActiveCfg = Debug|Any CPU
		{B9018D06-D120-45ED-9A37-A713D5B715E5}.Debug|x86.Build.0 = Debug|Any CPU
		{B9018D06-D120-45ED-9A37-A713D5B715E5}.Release|x86.ActiveCfg = Release|Any CPU
		{B9018D06-D120-45ED-9A37-A713D5B715E5}.Release|x86.Build.0 = Release|Any CPU
		{B940A4DA-1B89-478E-AC4B-CA0AEDC5DF90}.Debug|x86.ActiveCfg = Debug|Any CPU
		{B940A4DA-1B89-478E-AC4B-CA0AEDC5DF90}.Debug|x86.Build.0 = Debug|Any CPU
		{B940A4DA-1B89-478E-AC4B-CA0AEDC5DF90}.Release|x86.ActiveCfg = Release|Any CPU
		{B940A4DA-1B89-478E-AC4B-CA0AEDC5DF90}.Release|x86.Build.0 = Release|Any CPU
		{BCB96804-B787-4ED7-BB0F-127F3649E5D7}.Debug|x86.ActiveCfg = Debug|Any CPU
		{BCB96804-B787-4ED7-BB0F-127F3649E5D7}.Debug|x86.Build.0 = Debug|Any CPU
		{BCB96804-B787-4ED7-BB0F-127F3649E5D7}.Release|x86.ActiveCfg = Release|Any CPU
		{BCB96804-B787-4ED7-BB0F-127F3649E5D7}.Release|x86.Build.0 = Release|Any CPU
		{BE0F2AAA-9407-4057-86EA-19A59BB4EDF1}.Debug|x86.ActiveCfg = Debug|Any CPU
		{BE0F2AAA-9407-4057-86EA-19A59BB4EDF1}.Debug|x86.Build.0 = Debug|Any CPU
		{BE0F2AAA-9407-4057-86EA-19A59BB4EDF1}.Release|x86.ActiveCfg = Release|Any CPU
		{BE0F2AAA-9407-4057-86EA-19A59BB4EDF1}.Release|x86.Build.0 = Release|Any CPU
		{BEE63437-0DC5-4A9F-A8A6-16E755AE9B3B}.Debug|x86.ActiveCfg = Debug|Any CPU
		{BEE63437-0DC5-4A9F-A8A6-16E755AE9B3B}.Debug|x86.Build.0 = Debug|Any CPU
		{BEE63437-0DC5-4A9F-A8A6-16E755AE9B3B}.Release|x86.ActiveCfg = Release|Any CPU
		{BEE63437-0DC5-4A9F-A8A6-16E755AE9B3B}.Release|x86.Build.0 = Release|Any CPU
		{C596246A-A457-4518-B3A4-9A5A26019C2C}.Debug|x86.ActiveCfg = Debug|Any CPU
		{C596246A-A457-4518-B3A4-9A5A26019C2C}.Debug|x86.Build.0 = Debug|Any CPU
		{C596246A-A457-4518-B3A4-9A5A26019C2C}.Release|x86.ActiveCfg = Release|Any CPU
		{C596246A-A457-4518-B3A4-9A5A26019C2C}.Release|x86.Build.0 = Release|Any CPU
		{C8E65EC9-4750-4896-AF88-7C09BA7EFDF2}.Debug|x86.ActiveCfg = Debug|Any CPU
		{C8E65EC9-4750-4896-AF88-7C09BA7EFDF2}.Debug|x86.Build.0 = Debug|Any CPU
		{C8E65EC9-4750-4896-AF88-7C09BA7EFDF2}.Release|x86.ActiveCfg = Release|Any CPU
		{C8E65EC9-4750-4896-AF88-7C09BA7EFDF2}.Release|x86.Build.0 = Release|Any CPU
		{C97607BA-761E-490D-914F-3E834098C0A0}.Debug|x86.ActiveCfg = Debug|Any CPU
		{C97607BA-761E-490D-914F-3E834098C0A0}.Debug|x86.Build.0 = Debug|Any CPU
		{C97607BA-761E-490D-914F-3E834098C0A0}.Release|x86.ActiveCfg = Release|Any CPU
		{C97607BA-761E-490D-914F-3E834098C0A0}.Release|x86.Build.0 = Release|Any CPU
		{CD94FE2F-14E1-4B06-B2F1-F99E7A24F47C}.Debug|x86.ActiveCfg = Debug|Any CPU
		{CD94FE2F-14E1-4B06-B2F1-F99E7A24F47C}.Debug|x86.Build.0 = Debug|Any CPU
		{CD94FE2F-14E1-4B06-B2F1-F99E7A24F47C}.Release|x86.ActiveCfg = Release|Any CPU
		{CD94FE2F-14E1-4B06-B2F1-F99E7A24F47C}.Release|x86.Build.0 = Release|Any CPU
		{CE5F1F57-695B-46ED-98C1-6F6737A76CB9}.Debug|x86.ActiveCfg = Debug|Any CPU
		{CE5F1F57-695B-46ED-98C1-6F6737A76CB9}.Debug|x86.Build.0 = Debug|Any CPU
		{CE5F1F57-695B-46ED-98C1-6F6737A76CB9}.Release|x86.ActiveCfg = Release|Any CPU
		{CE5F1F57-695B-46ED-98C1-6F6737A76CB9}.Release|x86.Build.0 = Release|Any CPU
		{CFC8E9C1-30F7-4A4A-9B1E-9AFA4B474D9A}.Debug|x86.ActiveCfg = Debug|Any CPU
		{CFC8E9C1-30F7-4A4A-9B1E-9AFA4B474D9A}.Debug|x86.Build.0 = Debug|Any CPU
		{CFC8E9C1-30F7-4A4A-9B1E-9AFA4B474D9A}.Release|x86.ActiveCfg = Release|Any CPU
		{CFC8E9C1-30F7-4A4A-9B1E-9AFA4B474D9A}.Release|x86.Build.0 = Release|Any CPU
		{D20F8E33-1C0C-44FF-83AD-818C99718420}.Debug|x86.ActiveCfg = Debug|Any CPU
		{D20F8E33-1C0C-44FF-83AD-818C99718420}.Debug|x86.Build.0 = Debug|Any CPU
		{D20F8E33-1C0C-44FF-83AD-818C99718420}.Release|x86.ActiveCfg = Release|Any CPU
		{D20F8E33-1C0C-44FF-83AD-818C99718420}.Release|x86.Build.0 = Release|Any CPU
		{D338DA32-2EA3-4E9F-8789-8D5798D2ECA1}.Debug|x86.ActiveCfg = Debug|Any CPU
		{D338DA32-2EA3-4E9F-8789-8D5798D2ECA1}.Debug|x86.Build.0 = Debug|Any CPU
		{D338DA32-2EA3-4E9F-8789-8D5798D2ECA1}.Release|x86.ActiveCfg = Release|Any CPU
		{D338DA32-2EA3-4E9F-8789-8D5798D2ECA1}.Release|x86.Build.0 = Release|Any CPU
		{D5FF2BDE-BA64-4F4C-A2C8-12E8829170A7}.Debug|x86.ActiveCfg = Debug|Any CPU
		{D5FF2BDE-BA64-4F4C-A2C8-12E8829170A7}.Debug|x86.Build.0 = Debug|Any CPU
		{D5FF2BDE-BA64-4F4C-A2C8-12E8829170A7}.Release|x86.ActiveCfg = Release|Any CPU
		{D5FF2BDE-BA64-4F4C-A2C8-12E8829170A7}.Release|x86.Build.0 = Release|Any CPU
		{DDD9658C-CDEA-4903-AEEC-5641EC96377E}.Debug|x86.ActiveCfg = Debug|Any CPU
		{DDD9658C-CDEA-4903-AEEC-5641EC96377E}.Debug|x86.Build.0 = Debug|Any CPU
		{DDD9658C-CDEA-4903-AEEC-5641EC96377E}.Release|x86.ActiveCfg = Release|Any CPU
		{DDD9658C-CDEA-4903-AEEC-5641EC96377E}.Release|x86.Build.0 = Release|Any CPU
		{DF985DB2-96E9-4919-A29E-8158FE79330F}.Debug|x86.ActiveCfg = Debug|Any CPU
		{DF985DB2-96E9-4919-A29E-8158FE79330F}.Debug|x86.Build.0 = Debug|Any CPU
		{DF985DB2-96E9-4919-A29E-8158FE79330F}.Release|x86.ActiveCfg = Release|Any CPU
		{DF985DB2-96E9-4919-A29E-8158FE79330F}.Release|x86.Build.0 = Release|Any CPU
		{E27FAA80-9E4B-4CBE-970F-23E98879A3A0}.Debug|x86.ActiveCfg = Debug|Any CPU
		{E27FAA80-9E4B-4CBE-970F-23E98879A3A0}.Debug|x86.Build.0 = Debug|Any CPU
		{E27FAA80-9E4B-4CBE-970F-23E98879A3A0}.Release|x86.ActiveCfg = Release|Any CPU
		{E27FAA80-9E4B-4CBE-970F-23E98879A3A0}.Release|x86.Build.0 = Release|Any CPU
		{E3CA865E-AFBF-40C4-B7CE-0CEF37F4B21F}.Debug|x86.ActiveCfg = Debug|Any CPU
		{E3CA865E-AFBF-40C4-B7CE-0CEF37F4B21F}.Debug|x86.Build.0 = Debug|Any CPU
		{E3CA865E-AFBF-40C4-B7CE-0CEF37F4B21F}.Release|x86.ActiveCfg = Release|Any CPU
		{E3CA865E-AFBF-40C4-B7CE-0CEF37F4B21F}.Release|x86.Build.0 = Release|Any CPU
		{E75203E1-30CC-4745-8FA0-670F039089C7}.Debug|x86.ActiveCfg = Debug|Any CPU
		{E75203E1-30CC-4745-8FA0-670F039089C7}.Debug|x86.Build.0 = Debug|Any CPU
		{E75203E1-30CC-4745-8FA0-670F039089C7}.Release|x86.ActiveCfg = Release|Any CPU
		{E75203E1-30CC-4745-8FA0-670F039089C7}.Release|x86.Build.0 = Release|Any CPU
		{EAD7D264-63A0-4069-A9A4-EE9D6BB76D30}.Debug|x86.ActiveCfg = Debug|Any CPU
		{EAD7D264-63A0-4069-A9A4-EE9D6BB76D30}.Debug|x86.Build.0 = Debug|Any CPU
		{EAD7D264-63A0-4069-A9A4-EE9D6BB76D30}.Release|x86.ActiveCfg = Release|Any CPU
		{EAD7D264-63A0-4069-A9A4-EE9D6BB76D30}.Release|x86.Build.0 = Release|Any CPU
		{EBE0A880-6045-4D31-BB42-44E3A37631A8}.Debug|x86.ActiveCfg = Debug|Any CPU
		{EBE0A880-6045-4D31-BB42-44E3A37631A8}.Debug|x86.Build.0 = Debug|Any CPU
		{EBE0A880-6045-4D31-BB42-44E3A37631A8}.Release|x86.ActiveCfg = Release|Any CPU
		{EBE0A880-6045-4D31-BB42-44E3A37631A8}.Release|x86.Build.0 = Release|Any CPU
		{F648AF83-CBB9-4742-AA9F-F5D5287833B8}.Debug|x86.ActiveCfg = Debug|Any CPU
		{F648AF83-CBB9-4742-AA9F-F5D5287833B8}.Debug|x86.Build.0 = Debug|Any CPU
		{F648AF83-CBB9-4742-AA9F-F5D5287833B8}.Release|x86.ActiveCfg = Release|Any CPU
		{F648AF83-CBB9-4742-AA9F-F5D5287833B8}.Release|x86.Build.0 = Release|Any CPU
		{F71D8D8A-2FAD-4FA2-A9A3-0CFFC56DA1F7}.Debug|x86.ActiveCfg = Debug|Any CPU
		{F71D8D8A-2FAD-4FA2-A9A3-0CFFC56DA1F7}.Debug|x86.Build.0 = Debug|Any CPU
		{F71D8D8A-2FAD-4FA2-A9A3-0CFFC56DA1F7}.Release|x86.ActiveCfg = Release|Any CPU
		{F71D8D8A-2FAD-4FA2-A9A3-0CFFC56DA1F7}.Release|x86.Build.0 = Release|Any CPU
		{F7ABD722-31F4-4ACC-B8B6-A14DDAEB022B}.Debug|x86.ActiveCfg = Debug|Any CPU
		{F7ABD722-31F4-4ACC-B8B6-A14DDAEB022B}.Debug|x86.Build.0 = Debug|Any CPU
		{F7ABD722-31F4-4ACC-B8B6-A14DDAEB022B}.Release|x86.ActiveCfg = Release|Any CPU
		{F7ABD722-31F4-4ACC-B8B6-A14DDAEB022B}.Release|x86.Build.0 = Release|Any CPU
		{F8166152-ED2A-473F-A191-3FC88F611512}.Debug|x86.ActiveCfg = Debug|Any CPU
		{F8166152-ED2A-473F-A191-3FC88F611512}.Debug|x86.Build.0 = Debug|Any CPU
		{F8166152-ED2A-473F-A191-3FC88F611512}.Release|x86.ActiveCfg = Release|Any CPU
		{F8166152-ED2A-473F-A191-3FC88F611512}.Release|x86.Build.0 = Release|Any CPU
		{F8563B7E-F44B-47CE-84BE-80B34903E9E3}.Debug|x86.ActiveCfg = Debug|Any CPU
		{F8563B7E-F44B-47CE-84BE-80B34903E9E3}.Debug|x86.Build.0 = Debug|Any CPU
		{F8563B7E-F44B-47CE-84BE-80B34903E9E3}.Release|x86.ActiveCfg = Release|Any CPU
		{F8563B7E-F44B-47CE-84BE-80B34903E9E3}.Release|x86.Build.0 = Release|Any CPU
		{FACDA238-52E0-41B9-9029-18256D69CAD8}.Debug|x86.ActiveCfg = Debug|Any CPU
		{FACDA238-52E0-41B9-9029-18256D69CAD8}.Debug|x86.Build.0 = Debug|Any CPU
		{FACDA238-52E0-41B9-9029-18256D69CAD8}.Release|x86.ActiveCfg = Release|Any CPU
		{FACDA238-52E0-41B9-9029-18256D69CAD8}.Release|x86.Build.0 = Release|Any CPU
		{FC50AE20-CE9E-4B7F-8D74-54FFFE790583}.Debug|x86.ActiveCfg = Debug|Any CPU
		{FC50AE20-CE9E-4B7F-8D74-54FFFE790583}.Debug|x86.Build.0 = Debug|Any CPU
		{FC50AE20-CE9E-4B7F-8D74-54FFFE790583}.Release|x86.ActiveCfg = Release|Any CPU
		{FC50AE20-CE9E-4B7F-8D74-54FFFE790583}.Release|x86.Build.0 = Release|Any CPU
		{FD1F0265-11F2-4117-BCA3-67903594D670}.Debug|x86.ActiveCfg = Debug|Any CPU
		{FD1F0265-11F2-4117-BCA3-67903594D670}.Debug|x86.Build.0 = Debug|Any CPU
		{FD1F0265-11F2-4117-BCA3-67903594D670}.Release|x86.ActiveCfg = Release|Any CPU
		{FD1F0265-11F2-4117-BCA3-67903594D670}.Release|x86.Build.0 = Release|Any CPU
		{FE03D83B-397B-497B-A3C2-2EDA9938A4EC}.Debug|x86.ActiveCfg = Debug|Any CPU
		{FE03D83B-397B-497B-A3C2-2EDA9938A4EC}.Debug|x86.Build.0 = Debug|Any CPU
		{FE03D83B-397B-497B-A3C2-2EDA9938A4EC}.Release|x86.ActiveCfg = Release|Any CPU
		{FE03D83B-397B-497B-A3C2-2EDA9938A4EC}.Release|x86.Build.0 = Release|Any CPU
	EndGlobalSection
	GlobalSection(NestedProjects) = preSolution
	EndGlobalSection
EndGlobal
