
Microsoft Visual Studio Solution File, Format Version 11.00
# Visual Studio 2010
Project("{2150E333-8FDC-42A3-9474-1A3956D46DE8}") = "Solution Items", "Solution Items", "{8565540D-B642-4992-93DD-E4D26B2667C4}"
	ProjectSection(SolutionItems) = preProject
		DGAC.dll = DGAC.dll
	EndProjectSection
EndProject
Project("{FAE04EC0-301F-11D3-BF4B-00C04F79EFBC}") = "HPC-Shelf-Gust", "HPC-Shelf-Gust\HPC-Shelf-Gust.csproj", "{7AE08D52-2EA4-48E4-B7B9-379C3789B2B5}"
EndProject
Project("{FAE04EC0-301F-11D3-BF4B-00C04F79EFBC}") = "br.ufc.mdcc.common.Data", "..\br.ufc.mdcc.common.Data\br.ufc.mdcc.common.Data\br.ufc.mdcc.common.Data.csproj", "{7CEA4BF7-37CD-4F93-B603-CF5FB9239B1F}"
EndProject
Project("{FAE04EC0-301F-11D3-BF4B-00C04F79EFBC}") = "br.ufc.mdcc.common.KVPair", "..\br.ufc.mdcc.common.KVPair\br.ufc.mdcc.common.KVPair\br.ufc.mdcc.common.KVPair.csproj", "{9B499C49-DA84-475A-B783-2A3D2DEAAA97}"
EndProject
Project("{FAE04EC0-301F-11D3-BF4B-00C04F79EFBC}") = "br.ufc.mdcc.common.impl.KVPairImpl", "..\br.ufc.mdcc.common.impl.KVPairImpl\br.ufc.mdcc.common.impl.KVPairImpl\br.ufc.mdcc.common.impl.KVPairImpl.csproj", "{9A02D2DD-0967-4810-A845-3EDE50DDE195}"
EndProject
Project("{FAE04EC0-301F-11D3-BF4B-00C04F79EFBC}") = "br.ufc.mdcc.common.Float", "..\br.ufc.mdcc.common.Float\br.ufc.mdcc.common.Float\br.ufc.mdcc.common.Float.csproj", "{1D8806B1-C748-4FB4-A126-1D9562075688}"
EndProject
Project("{FAE04EC0-301F-11D3-BF4B-00C04F79EFBC}") = "br.ufc.mdcc.common.impl.FloatImpl", "..\br.ufc.mdcc.common.impl.FloatImpl\br.ufc.mdcc.common.impl.FloatImpl\br.ufc.mdcc.common.impl.FloatImpl.csproj", "{F9D1F2FF-E3D5-4F6B-AEFE-587C052AF9B2}"
EndProject
Project("{FAE04EC0-301F-11D3-BF4B-00C04F79EFBC}") = "br.ufc.mdcc.hpcshelf.gust.graph.Vertex", "..\br.ufc.mdcc.hpcshelf.gust.graph.Vertex\br.ufc.mdcc.hpcshelf.gust.graph.Vertex\br.ufc.mdcc.hpcshelf.gust.graph.Vertex.csproj", "{B53D1E64-E50C-4BCD-A705-EDE7AEC76D9A}"
EndProject
Project("{FAE04EC0-301F-11D3-BF4B-00C04F79EFBC}") = "br.ufc.mdcc.hpcshelf.gust.graph.VertexBasic", "..\br.ufc.mdcc.hpcshelf.gust.graph.VertexBasic\br.ufc.mdcc.hpcshelf.gust.graph.VertexBasic\br.ufc.mdcc.hpcshelf.gust.graph.VertexBasic.csproj", "{DDD9658C-CDEA-4903-AEEC-5641EC96377E}"
EndProject
Project("{FAE04EC0-301F-11D3-BF4B-00C04F79EFBC}") = "br.ufc.mdcc.hpcshelf.gust.graph.Edge", "..\br.ufc.mdcc.hpcshelf.gust.graph.Edge\br.ufc.mdcc.hpcshelf.gust.graph.Edge\br.ufc.mdcc.hpcshelf.gust.graph.Edge.csproj", "{CE5F1F57-695B-46ED-98C1-6F6737A76CB9}"
EndProject
Project("{FAE04EC0-301F-11D3-BF4B-00C04F79EFBC}") = "br.ufc.mdcc.hpcshelf.gust.graph.EdgeBasic", "..\br.ufc.mdcc.hpcshelf.gust.graph.EdgeBasic\br.ufc.mdcc.hpcshelf.gust.graph.EdgeBasic\br.ufc.mdcc.hpcshelf.gust.graph.EdgeBasic.csproj", "{505F8DBD-BC4D-41C4-88AE-C58C962D6463}"
EndProject
Project("{FAE04EC0-301F-11D3-BF4B-00C04F79EFBC}") = "br.ufc.mdcc.hpcshelf.gust.graph.EdgeWeighted", "..\br.ufc.mdcc.hpcshelf.gust.graph.EdgeWeighted\br.ufc.mdcc.hpcshelf.gust.graph.EdgeWeighted\br.ufc.mdcc.hpcshelf.gust.graph.EdgeWeighted.csproj", "{476F03C1-DF48-4DA7-B4E4-1A187571F48D}"
EndProject
Project("{FAE04EC0-301F-11D3-BF4B-00C04F79EFBC}") = "br.ufc.mdcc.hpcshelf.gust.graph.container.DataContainer", "..\br.ufc.mdcc.hpcshelf.gust.graph.container.DataContainer\br.ufc.mdcc.hpcshelf.gust.graph.container.DataContainer\br.ufc.mdcc.hpcshelf.gust.graph.container.DataContainer.csproj", "{7B6A36EC-21B3-4C93-888C-01788A9423F8}"
EndProject
Project("{FAE04EC0-301F-11D3-BF4B-00C04F79EFBC}") = "br.ufc.mdcc.hpcshelf.gust.graph.container.DataContainerE", "..\br.ufc.mdcc.hpcshelf.gust.graph.container.DataContainerE\br.ufc.mdcc.hpcshelf.gust.graph.container.DataContainerE\br.ufc.mdcc.hpcshelf.gust.graph.container.DataContainerE.csproj", "{B536EBC5-FFB6-49C3-B975-341250B38DDC}"
EndProject
Project("{FAE04EC0-301F-11D3-BF4B-00C04F79EFBC}") = "br.ufc.mdcc.hpcshelf.gust.graph.container.DataContainerV", "..\br.ufc.mdcc.hpcshelf.gust.graph.container.DataContainerV\br.ufc.mdcc.hpcshelf.gust.graph.container.DataContainerV\br.ufc.mdcc.hpcshelf.gust.graph.container.DataContainerV.csproj", "{1A45736A-A938-4026-B292-AEA8ED4A8651}"
EndProject
Project("{FAE04EC0-301F-11D3-BF4B-00C04F79EFBC}") = "br.ufc.mdcc.hpcshelf.gust.graph.Graph", "..\br.ufc.mdcc.hpcshelf.gust.graph.Graph\br.ufc.mdcc.hpcshelf.gust.graph.Graph\br.ufc.mdcc.hpcshelf.gust.graph.Graph.csproj", "{F648AF83-CBB9-4742-AA9F-F5D5287833B8}"
EndProject
Project("{FAE04EC0-301F-11D3-BF4B-00C04F79EFBC}") = "br.ufc.mdcc.hpcshelf.gust.graph.DirectedGraph", "..\br.ufc.mdcc.hpcshelf.gust.graph.DirectedGraph\br.ufc.mdcc.hpcshelf.gust.graph.DirectedGraph\br.ufc.mdcc.hpcshelf.gust.graph.DirectedGraph.csproj", "{90671855-07C4-4E67-8F2F-2384704D1F6B}"
EndProject
Project("{FAE04EC0-301F-11D3-BF4B-00C04F79EFBC}") = "br.ufc.mdcc.hpcshelf.gust.graph.UndirectedGraph", "..\br.ufc.mdcc.hpcshelf.gust.graph.UndirectedGraph\br.ufc.mdcc.hpcshelf.gust.graph.UndirectedGraph\br.ufc.mdcc.hpcshelf.gust.graph.UndirectedGraph.csproj", "{F71D8D8A-2FAD-4FA2-A9A3-0CFFC56DA1F7}"
EndProject
Project("{FAE04EC0-301F-11D3-BF4B-00C04F79EFBC}") = "br.ufc.mdcc.hpcshelf.gust.graph.app.TesterContext", "..\br.ufc.mdcc.hpcshelf.gust.graph.app.TesterContext\br.ufc.mdcc.hpcshelf.gust.graph.app.TesterContext\br.ufc.mdcc.hpcshelf.gust.graph.app.TesterContext.csproj", "{87D993CE-1B7D-497B-B085-61F81C110B07}"
EndProject
Project("{FAE04EC0-301F-11D3-BF4B-00C04F79EFBC}") = "br.ufc.mdcc.hpcshelf.gust.graph.app.Tester", "..\br.ufc.mdcc.hpcshelf.gust.graph.app.Tester\br.ufc.mdcc.hpcshelf.gust.graph.app.Tester\br.ufc.mdcc.hpcshelf.gust.graph.app.Tester.csproj", "{FDE17A3A-7DFE-40FB-A9B8-AA826C0FA1FD}"
EndProject
Project("{FAE04EC0-301F-11D3-BF4B-00C04F79EFBC}") = "br.ufc.mdcc.hpcshelf.gust.graph.impl.VertexBasicImpl", "..\br.ufc.mdcc.hpcshelf.gust.graph.impl.VertexBasicImpl\br.ufc.mdcc.hpcshelf.gust.graph.impl.VertexBasicImpl\br.ufc.mdcc.hpcshelf.gust.graph.impl.VertexBasicImpl.csproj", "{0D0D4AFD-272C-4CA2-822B-E929E59B2435}"
EndProject
Project("{FAE04EC0-301F-11D3-BF4B-00C04F79EFBC}") = "br.ufc.mdcc.hpcshelf.gust.graph.impl.EdgeBasicImpl", "..\br.ufc.mdcc.hpcshelf.gust.graph.impl.EdgeBasicImpl\br.ufc.mdcc.hpcshelf.gust.graph.impl.EdgeBasicImpl\br.ufc.mdcc.hpcshelf.gust.graph.impl.EdgeBasicImpl.csproj", "{2464A266-46AE-4E46-90C2-7A116F632E25}"
EndProject
Project("{FAE04EC0-301F-11D3-BF4B-00C04F79EFBC}") = "br.ufc.mdcc.hpcshelf.gust.graph.impl.EdgeWeightedImpl", "..\br.ufc.mdcc.hpcshelf.gust.graph.impl.EdgeWeightedImpl\br.ufc.mdcc.hpcshelf.gust.graph.impl.EdgeWeightedImpl\br.ufc.mdcc.hpcshelf.gust.graph.impl.EdgeWeightedImpl.csproj", "{8DFC8087-3862-4E4D-81FF-8BB70B5AF8D0}"
EndProject
Project("{FAE04EC0-301F-11D3-BF4B-00C04F79EFBC}") = "br.ufc.mdcc.hpcshelf.gust.graph.impl.VertexImpl", "..\br.ufc.mdcc.hpcshelf.gust.graph.impl.VertexImpl\br.ufc.mdcc.hpcshelf.gust.graph.impl.VertexImpl\br.ufc.mdcc.hpcshelf.gust.graph.impl.VertexImpl.csproj", "{3E3F03D0-F417-4544-8202-819A6E853DD5}"
EndProject
Project("{FAE04EC0-301F-11D3-BF4B-00C04F79EFBC}") = "br.ufc.mdcc.hpcshelf.gust.graph.impl.EdgeImpl", "..\br.ufc.mdcc.hpcshelf.gust.graph.impl.EdgeImpl\br.ufc.mdcc.hpcshelf.gust.graph.impl.EdgeImpl\br.ufc.mdcc.hpcshelf.gust.graph.impl.EdgeImpl.csproj", "{B60C7B28-79D5-442E-9023-F5B31A691629}"
EndProject
Project("{FAE04EC0-301F-11D3-BF4B-00C04F79EFBC}") = "br.ufc.mdcc.hpcshelf.gust.graph.container.impl.DataContainerVImpl", "..\br.ufc.mdcc.hpcshelf.gust.graph.container.impl.DataContainerVImpl\br.ufc.mdcc.hpcshelf.gust.graph.container.impl.DataContainerVImpl\br.ufc.mdcc.hpcshelf.gust.graph.container.impl.DataContainerVImpl.csproj", "{9E7525AA-F119-4A12-8488-E5600638DA73}"
EndProject
Project("{FAE04EC0-301F-11D3-BF4B-00C04F79EFBC}") = "br.ufc.mdcc.hpcshelf.gust.graph.container.impl.DataContainerEImpl", "..\br.ufc.mdcc.hpcshelf.gust.graph.container.impl.DataContainerEImpl\br.ufc.mdcc.hpcshelf.gust.graph.container.impl.DataContainerEImpl\br.ufc.mdcc.hpcshelf.gust.graph.container.impl.DataContainerEImpl.csproj", "{1F073EC8-07BD-4CCE-AAD3-C2B28B47217F}"
EndProject
Project("{FAE04EC0-301F-11D3-BF4B-00C04F79EFBC}") = "br.ufc.mdcc.hpcshelf.gust.graph.container.DataContainerKV", "..\br.ufc.mdcc.hpcshelf.gust.graph.container.DataContainerKV\br.ufc.mdcc.hpcshelf.gust.graph.container.DataContainerKV\br.ufc.mdcc.hpcshelf.gust.graph.container.DataContainerKV.csproj", "{81CE7329-F4BF-4250-A830-D63902949A17}"
EndProject
Project("{FAE04EC0-301F-11D3-BF4B-00C04F79EFBC}") = "br.ufc.mdcc.hpcshelf.gust.graph.container.impl.DataContainerKVImpl", "..\br.ufc.mdcc.hpcshelf.gust.graph.container.impl.DataContainerKVImpl\br.ufc.mdcc.hpcshelf.gust.graph.container.impl.DataContainerKVImpl\br.ufc.mdcc.hpcshelf.gust.graph.container.impl.DataContainerKVImpl.csproj", "{36F15059-914B-4D66-B212-939A3784B579}"
EndProject
Project("{FAE04EC0-301F-11D3-BF4B-00C04F79EFBC}") = "br.ufc.mdcc.hpcshelf.gust.graph.impl.DirectedGraphVImpl", "..\br.ufc.mdcc.hpcshelf.gust.graph.impl.DirectedGraphVImpl\br.ufc.mdcc.hpcshelf.gust.graph.impl.DirectedGraphVImpl\br.ufc.mdcc.hpcshelf.gust.graph.impl.DirectedGraphVImpl.csproj", "{60E81969-029D-4CF2-8857-6318889E8136}"
EndProject
Global
	GlobalSection(SolutionConfigurationPlatforms) = preSolution
		Debug|x86 = Debug|x86
		Release|x86 = Release|x86
	EndGlobalSection
	GlobalSection(ProjectConfigurationPlatforms) = postSolution
		{0D0D4AFD-272C-4CA2-822B-E929E59B2435}.Debug|x86.ActiveCfg = Debug|Any CPU
		{0D0D4AFD-272C-4CA2-822B-E929E59B2435}.Debug|x86.Build.0 = Debug|Any CPU
		{0D0D4AFD-272C-4CA2-822B-E929E59B2435}.Release|x86.ActiveCfg = Release|Any CPU
		{0D0D4AFD-272C-4CA2-822B-E929E59B2435}.Release|x86.Build.0 = Release|Any CPU
		{1A45736A-A938-4026-B292-AEA8ED4A8651}.Debug|x86.ActiveCfg = Debug|Any CPU
		{1A45736A-A938-4026-B292-AEA8ED4A8651}.Debug|x86.Build.0 = Debug|Any CPU
		{1A45736A-A938-4026-B292-AEA8ED4A8651}.Release|x86.ActiveCfg = Release|Any CPU
		{1A45736A-A938-4026-B292-AEA8ED4A8651}.Release|x86.Build.0 = Release|Any CPU
		{1D8806B1-C748-4FB4-A126-1D9562075688}.Debug|x86.ActiveCfg = Debug|Any CPU
		{1D8806B1-C748-4FB4-A126-1D9562075688}.Debug|x86.Build.0 = Debug|Any CPU
		{1D8806B1-C748-4FB4-A126-1D9562075688}.Release|x86.ActiveCfg = Release|Any CPU
		{1D8806B1-C748-4FB4-A126-1D9562075688}.Release|x86.Build.0 = Release|Any CPU
		{1F073EC8-07BD-4CCE-AAD3-C2B28B47217F}.Debug|x86.ActiveCfg = Debug|Any CPU
		{1F073EC8-07BD-4CCE-AAD3-C2B28B47217F}.Debug|x86.Build.0 = Debug|Any CPU
		{1F073EC8-07BD-4CCE-AAD3-C2B28B47217F}.Release|x86.ActiveCfg = Release|Any CPU
		{1F073EC8-07BD-4CCE-AAD3-C2B28B47217F}.Release|x86.Build.0 = Release|Any CPU
		{2464A266-46AE-4E46-90C2-7A116F632E25}.Debug|x86.ActiveCfg = Debug|Any CPU
		{2464A266-46AE-4E46-90C2-7A116F632E25}.Debug|x86.Build.0 = Debug|Any CPU
		{2464A266-46AE-4E46-90C2-7A116F632E25}.Release|x86.ActiveCfg = Release|Any CPU
		{2464A266-46AE-4E46-90C2-7A116F632E25}.Release|x86.Build.0 = Release|Any CPU
		{36F15059-914B-4D66-B212-939A3784B579}.Debug|x86.ActiveCfg = Debug|Any CPU
		{36F15059-914B-4D66-B212-939A3784B579}.Debug|x86.Build.0 = Debug|Any CPU
		{36F15059-914B-4D66-B212-939A3784B579}.Release|x86.ActiveCfg = Release|Any CPU
		{36F15059-914B-4D66-B212-939A3784B579}.Release|x86.Build.0 = Release|Any CPU
		{3E3F03D0-F417-4544-8202-819A6E853DD5}.Debug|x86.ActiveCfg = Debug|Any CPU
		{3E3F03D0-F417-4544-8202-819A6E853DD5}.Debug|x86.Build.0 = Debug|Any CPU
		{3E3F03D0-F417-4544-8202-819A6E853DD5}.Release|x86.ActiveCfg = Release|Any CPU
		{3E3F03D0-F417-4544-8202-819A6E853DD5}.Release|x86.Build.0 = Release|Any CPU
		{476F03C1-DF48-4DA7-B4E4-1A187571F48D}.Debug|x86.ActiveCfg = Debug|Any CPU
		{476F03C1-DF48-4DA7-B4E4-1A187571F48D}.Debug|x86.Build.0 = Debug|Any CPU
		{476F03C1-DF48-4DA7-B4E4-1A187571F48D}.Release|x86.ActiveCfg = Release|Any CPU
		{476F03C1-DF48-4DA7-B4E4-1A187571F48D}.Release|x86.Build.0 = Release|Any CPU
		{505F8DBD-BC4D-41C4-88AE-C58C962D6463}.Debug|x86.ActiveCfg = Debug|Any CPU
		{505F8DBD-BC4D-41C4-88AE-C58C962D6463}.Debug|x86.Build.0 = Debug|Any CPU
		{505F8DBD-BC4D-41C4-88AE-C58C962D6463}.Release|x86.ActiveCfg = Release|Any CPU
		{505F8DBD-BC4D-41C4-88AE-C58C962D6463}.Release|x86.Build.0 = Release|Any CPU
		{60E81969-029D-4CF2-8857-6318889E8136}.Debug|x86.ActiveCfg = Debug|Any CPU
		{60E81969-029D-4CF2-8857-6318889E8136}.Debug|x86.Build.0 = Debug|Any CPU
		{60E81969-029D-4CF2-8857-6318889E8136}.Release|x86.ActiveCfg = Release|Any CPU
		{60E81969-029D-4CF2-8857-6318889E8136}.Release|x86.Build.0 = Release|Any CPU
		{7AE08D52-2EA4-48E4-B7B9-379C3789B2B5}.Debug|x86.ActiveCfg = Debug|x86
		{7AE08D52-2EA4-48E4-B7B9-379C3789B2B5}.Debug|x86.Build.0 = Debug|x86
		{7AE08D52-2EA4-48E4-B7B9-379C3789B2B5}.Release|x86.ActiveCfg = Release|x86
		{7AE08D52-2EA4-48E4-B7B9-379C3789B2B5}.Release|x86.Build.0 = Release|x86
		{7B6A36EC-21B3-4C93-888C-01788A9423F8}.Debug|x86.ActiveCfg = Debug|Any CPU
		{7B6A36EC-21B3-4C93-888C-01788A9423F8}.Debug|x86.Build.0 = Debug|Any CPU
		{7B6A36EC-21B3-4C93-888C-01788A9423F8}.Release|x86.ActiveCfg = Release|Any CPU
		{7B6A36EC-21B3-4C93-888C-01788A9423F8}.Release|x86.Build.0 = Release|Any CPU
		{7CEA4BF7-37CD-4F93-B603-CF5FB9239B1F}.Debug|x86.ActiveCfg = Debug|Any CPU
		{7CEA4BF7-37CD-4F93-B603-CF5FB9239B1F}.Debug|x86.Build.0 = Debug|Any CPU
		{7CEA4BF7-37CD-4F93-B603-CF5FB9239B1F}.Release|x86.ActiveCfg = Release|Any CPU
		{7CEA4BF7-37CD-4F93-B603-CF5FB9239B1F}.Release|x86.Build.0 = Release|Any CPU
		{81CE7329-F4BF-4250-A830-D63902949A17}.Debug|x86.ActiveCfg = Debug|Any CPU
		{81CE7329-F4BF-4250-A830-D63902949A17}.Debug|x86.Build.0 = Debug|Any CPU
		{81CE7329-F4BF-4250-A830-D63902949A17}.Release|x86.ActiveCfg = Release|Any CPU
		{81CE7329-F4BF-4250-A830-D63902949A17}.Release|x86.Build.0 = Release|Any CPU
		{87D993CE-1B7D-497B-B085-61F81C110B07}.Debug|x86.ActiveCfg = Debug|Any CPU
		{87D993CE-1B7D-497B-B085-61F81C110B07}.Debug|x86.Build.0 = Debug|Any CPU
		{87D993CE-1B7D-497B-B085-61F81C110B07}.Release|x86.ActiveCfg = Release|Any CPU
		{87D993CE-1B7D-497B-B085-61F81C110B07}.Release|x86.Build.0 = Release|Any CPU
		{8DFC8087-3862-4E4D-81FF-8BB70B5AF8D0}.Debug|x86.ActiveCfg = Debug|Any CPU
		{8DFC8087-3862-4E4D-81FF-8BB70B5AF8D0}.Debug|x86.Build.0 = Debug|Any CPU
		{8DFC8087-3862-4E4D-81FF-8BB70B5AF8D0}.Release|x86.ActiveCfg = Release|Any CPU
		{8DFC8087-3862-4E4D-81FF-8BB70B5AF8D0}.Release|x86.Build.0 = Release|Any CPU
		{90671855-07C4-4E67-8F2F-2384704D1F6B}.Debug|x86.ActiveCfg = Debug|Any CPU
		{90671855-07C4-4E67-8F2F-2384704D1F6B}.Debug|x86.Build.0 = Debug|Any CPU
		{90671855-07C4-4E67-8F2F-2384704D1F6B}.Release|x86.ActiveCfg = Release|Any CPU
		{90671855-07C4-4E67-8F2F-2384704D1F6B}.Release|x86.Build.0 = Release|Any CPU
		{9A02D2DD-0967-4810-A845-3EDE50DDE195}.Debug|x86.ActiveCfg = Debug|Any CPU
		{9A02D2DD-0967-4810-A845-3EDE50DDE195}.Debug|x86.Build.0 = Debug|Any CPU
		{9A02D2DD-0967-4810-A845-3EDE50DDE195}.Release|x86.ActiveCfg = Release|Any CPU
		{9A02D2DD-0967-4810-A845-3EDE50DDE195}.Release|x86.Build.0 = Release|Any CPU
		{9B499C49-DA84-475A-B783-2A3D2DEAAA97}.Debug|x86.ActiveCfg = Debug|Any CPU
		{9B499C49-DA84-475A-B783-2A3D2DEAAA97}.Debug|x86.Build.0 = Debug|Any CPU
		{9B499C49-DA84-475A-B783-2A3D2DEAAA97}.Release|x86.ActiveCfg = Release|Any CPU
		{9B499C49-DA84-475A-B783-2A3D2DEAAA97}.Release|x86.Build.0 = Release|Any CPU
		{9E7525AA-F119-4A12-8488-E5600638DA73}.Debug|x86.ActiveCfg = Debug|Any CPU
		{9E7525AA-F119-4A12-8488-E5600638DA73}.Debug|x86.Build.0 = Debug|Any CPU
		{9E7525AA-F119-4A12-8488-E5600638DA73}.Release|x86.ActiveCfg = Release|Any CPU
		{9E7525AA-F119-4A12-8488-E5600638DA73}.Release|x86.Build.0 = Release|Any CPU
		{B536EBC5-FFB6-49C3-B975-341250B38DDC}.Debug|x86.ActiveCfg = Debug|Any CPU
		{B536EBC5-FFB6-49C3-B975-341250B38DDC}.Debug|x86.Build.0 = Debug|Any CPU
		{B536EBC5-FFB6-49C3-B975-341250B38DDC}.Release|x86.ActiveCfg = Release|Any CPU
		{B536EBC5-FFB6-49C3-B975-341250B38DDC}.Release|x86.Build.0 = Release|Any CPU
		{B53D1E64-E50C-4BCD-A705-EDE7AEC76D9A}.Debug|x86.ActiveCfg = Debug|Any CPU
		{B53D1E64-E50C-4BCD-A705-EDE7AEC76D9A}.Debug|x86.Build.0 = Debug|Any CPU
		{B53D1E64-E50C-4BCD-A705-EDE7AEC76D9A}.Release|x86.ActiveCfg = Release|Any CPU
		{B53D1E64-E50C-4BCD-A705-EDE7AEC76D9A}.Release|x86.Build.0 = Release|Any CPU
		{B60C7B28-79D5-442E-9023-F5B31A691629}.Debug|x86.ActiveCfg = Debug|Any CPU
		{B60C7B28-79D5-442E-9023-F5B31A691629}.Debug|x86.Build.0 = Debug|Any CPU
		{B60C7B28-79D5-442E-9023-F5B31A691629}.Release|x86.ActiveCfg = Release|Any CPU
		{B60C7B28-79D5-442E-9023-F5B31A691629}.Release|x86.Build.0 = Release|Any CPU
		{CE5F1F57-695B-46ED-98C1-6F6737A76CB9}.Debug|x86.ActiveCfg = Debug|Any CPU
		{CE5F1F57-695B-46ED-98C1-6F6737A76CB9}.Debug|x86.Build.0 = Debug|Any CPU
		{CE5F1F57-695B-46ED-98C1-6F6737A76CB9}.Release|x86.ActiveCfg = Release|Any CPU
		{CE5F1F57-695B-46ED-98C1-6F6737A76CB9}.Release|x86.Build.0 = Release|Any CPU
		{DDD9658C-CDEA-4903-AEEC-5641EC96377E}.Debug|x86.ActiveCfg = Debug|Any CPU
		{DDD9658C-CDEA-4903-AEEC-5641EC96377E}.Debug|x86.Build.0 = Debug|Any CPU
		{DDD9658C-CDEA-4903-AEEC-5641EC96377E}.Release|x86.ActiveCfg = Release|Any CPU
		{DDD9658C-CDEA-4903-AEEC-5641EC96377E}.Release|x86.Build.0 = Release|Any CPU
		{F648AF83-CBB9-4742-AA9F-F5D5287833B8}.Debug|x86.ActiveCfg = Debug|Any CPU
		{F648AF83-CBB9-4742-AA9F-F5D5287833B8}.Debug|x86.Build.0 = Debug|Any CPU
		{F648AF83-CBB9-4742-AA9F-F5D5287833B8}.Release|x86.ActiveCfg = Release|Any CPU
		{F648AF83-CBB9-4742-AA9F-F5D5287833B8}.Release|x86.Build.0 = Release|Any CPU
		{F71D8D8A-2FAD-4FA2-A9A3-0CFFC56DA1F7}.Debug|x86.ActiveCfg = Debug|Any CPU
		{F71D8D8A-2FAD-4FA2-A9A3-0CFFC56DA1F7}.Debug|x86.Build.0 = Debug|Any CPU
		{F71D8D8A-2FAD-4FA2-A9A3-0CFFC56DA1F7}.Release|x86.ActiveCfg = Release|Any CPU
		{F71D8D8A-2FAD-4FA2-A9A3-0CFFC56DA1F7}.Release|x86.Build.0 = Release|Any CPU
		{F9D1F2FF-E3D5-4F6B-AEFE-587C052AF9B2}.Debug|x86.ActiveCfg = Debug|Any CPU
		{F9D1F2FF-E3D5-4F6B-AEFE-587C052AF9B2}.Debug|x86.Build.0 = Debug|Any CPU
		{F9D1F2FF-E3D5-4F6B-AEFE-587C052AF9B2}.Release|x86.ActiveCfg = Release|Any CPU
		{F9D1F2FF-E3D5-4F6B-AEFE-587C052AF9B2}.Release|x86.Build.0 = Release|Any CPU
		{FDE17A3A-7DFE-40FB-A9B8-AA826C0FA1FD}.Debug|x86.ActiveCfg = Debug|Any CPU
		{FDE17A3A-7DFE-40FB-A9B8-AA826C0FA1FD}.Debug|x86.Build.0 = Debug|Any CPU
		{FDE17A3A-7DFE-40FB-A9B8-AA826C0FA1FD}.Release|x86.ActiveCfg = Release|Any CPU
		{FDE17A3A-7DFE-40FB-A9B8-AA826C0FA1FD}.Release|x86.Build.0 = Release|Any CPU
	EndGlobalSection
	GlobalSection(NestedProjects) = preSolution
	EndGlobalSection
EndGlobal
